// !$*UTF8*$!
{
	archiveVersion = 1;
	classes = {
	};
	objectVersion = 55;
	objects = {

/* Begin PBXBuildFile section */
		8772908127BC5EE300F8892F /* ex01_bonesnobonesApp.swift in Sources */ = {isa = PBXBuildFile; fileRef = 8772908027BC5EE300F8892F /* ex01_bonesnobonesApp.swift */; };
		8772908327BC5EE300F8892F /* ContentView.swift in Sources */ = {isa = PBXBuildFile; fileRef = 8772908227BC5EE300F8892F /* ContentView.swift */; };
		8772908527BC5EE400F8892F /* Assets.xcassets in Resources */ = {isa = PBXBuildFile; fileRef = 8772908427BC5EE400F8892F /* Assets.xcassets */; };
		8772908827BC5EE400F8892F /* Preview Assets.xcassets in Resources */ = {isa = PBXBuildFile; fileRef = 8772908727BC5EE400F8892F /* Preview Assets.xcassets */; };
		8772908F27BC5EFE00F8892F /* BonesDay.swift in Sources */ = {isa = PBXBuildFile; fileRef = 8772908E27BC5EFE00F8892F /* BonesDay.swift */; };
		8772909127BC601B00F8892F /* BonesService.swift in Sources */ = {isa = PBXBuildFile; fileRef = 8772909027BC601B00F8892F /* BonesService.swift */; };
		8772909327BC612900F8892F /* BonesListViewModel.swift in Sources */ = {isa = PBXBuildFile; fileRef = 8772909227BC612900F8892F /* BonesListViewModel.swift */; };
/* End PBXBuildFile section */

/* Begin PBXFileReference section */
		8772907D27BC5EE300F8892F /* ex01-bonesnobones.app */ = {isa = PBXFileReference; explicitFileType = wrapper.application; includeInIndex = 0; path = "ex01-bonesnobones.app"; sourceTree = BUILT_PRODUCTS_DIR; };
		8772908027BC5EE300F8892F /* ex01_bonesnobonesApp.swift */ = {isa = PBXFileReference; lastKnownFileType = sourcecode.swift; path = ex01_bonesnobonesApp.swift; sourceTree = "<group>"; };
		8772908227BC5EE300F8892F /* ContentView.swift */ = {isa = PBXFileReference; lastKnownFileType = sourcecode.swift; path = ContentView.swift; sourceTree = "<group>"; };
		8772908427BC5EE400F8892F /* Assets.xcassets */ = {isa = PBXFileReference; lastKnownFileType = folder.assetcatalog; path = Assets.xcassets; sourceTree = "<group>"; };
		8772908727BC5EE400F8892F /* Preview Assets.xcassets */ = {isa = PBXFileReference; lastKnownFileType = folder.assetcatalog; path = "Preview Assets.xcassets"; sourceTree = "<group>"; };
		8772908E27BC5EFE00F8892F /* BonesDay.swift */ = {isa = PBXFileReference; lastKnownFileType = sourcecode.swift; path = BonesDay.swift; sourceTree = "<group>"; };
		8772909027BC601B00F8892F /* BonesService.swift */ = {isa = PBXFileReference; lastKnownFileType = sourcecode.swift; path = BonesService.swift; sourceTree = "<group>"; };
		8772909227BC612900F8892F /* BonesListViewModel.swift */ = {isa = PBXFileReference; lastKnownFileType = sourcecode.swift; path = BonesListViewModel.swift; sourceTree = "<group>"; };
/* End PBXFileReference section */

/* Begin PBXFrameworksBuildPhase section */
		8772907A27BC5EE300F8892F /* Frameworks */ = {
			isa = PBXFrameworksBuildPhase;
			buildActionMask = 2147483647;
			files = (
			);
			runOnlyForDeploymentPostprocessing = 0;
		};
/* End PBXFrameworksBuildPhase section */

/* Begin PBXGroup section */
		8772907427BC5EE300F8892F = {
			isa = PBXGroup;
			children = (
				8772907F27BC5EE300F8892F /* ex01-bonesnobones */,
				8772907E27BC5EE300F8892F /* Products */,
			);
			sourceTree = "<group>";
		};
		8772907E27BC5EE300F8892F /* Products */ = {
			isa = PBXGroup;
			children = (
				8772907D27BC5EE300F8892F /* ex01-bonesnobones.app */,
			);
			name = Products;
			sourceTree = "<group>";
		};
		8772907F27BC5EE300F8892F /* ex01-bonesnobones */ = {
			isa = PBXGroup;
			children = (
				8772908027BC5EE300F8892F /* ex01_bonesnobonesApp.swift */,
				8772908227BC5EE300F8892F /* ContentView.swift */,
				8772909227BC612900F8892F /* BonesListViewModel.swift */,
				8772909027BC601B00F8892F /* BonesService.swift */,
				8772908E27BC5EFE00F8892F /* BonesDay.swift */,
				8772908427BC5EE400F8892F /* Assets.xcassets */,
				8772908627BC5EE400F8892F /* Preview Content */,
			);
			path = "ex01-bonesnobones";
			sourceTree = "<group>";
		};
		8772908627BC5EE400F8892F /* Preview Content */ = {
			isa = PBXGroup;
			children = (
				8772908727BC5EE400F8892F /* Preview Assets.xcassets */,
			);
			path = "Preview Content";
			sourceTree = "<group>";
		};
/* End PBXGroup section */

/* Begin PBXNativeTarget section */
		8772907C27BC5EE300F8892F /* ex01-bonesnobones */ = {
			isa = PBXNativeTarget;
			buildConfigurationList = 8772908B27BC5EE400F8892F /* Build configuration list for PBXNativeTarget "ex01-bonesnobones" */;
			buildPhases = (
				8772907927BC5EE300F8892F /* Sources */,
				8772907A27BC5EE300F8892F /* Frameworks */,
				8772907B27BC5EE300F8892F /* Resources */,
			);
			buildRules = (
			);
			dependencies = (
			);
			name = "ex01-bonesnobones";
			productName = "ex01-bonesnobones";
			productReference = 8772907D27BC5EE300F8892F /* ex01-bonesnobones.app */;
			productType = "com.apple.product-type.application";
		};
/* End PBXNativeTarget section */

/* Begin PBXProject section */
		8772907527BC5EE300F8892F /* Project object */ = {
			isa = PBXProject;
			attributes = {
				BuildIndependentTargetsInParallel = 1;
				LastSwiftUpdateCheck = 1320;
				LastUpgradeCheck = 1320;
				TargetAttributes = {
					8772907C27BC5EE300F8892F = {
						CreatedOnToolsVersion = 13.2.1;
					};
				};
			};
			buildConfigurationList = 8772907827BC5EE300F8892F /* Build configuration list for PBXProject "ex01-bonesnobones" */;
			compatibilityVersion = "Xcode 13.0";
			developmentRegion = en;
			hasScannedForEncodings = 0;
			knownRegions = (
				en,
				Base,
			);
			mainGroup = 8772907427BC5EE300F8892F;
			productRefGroup = 8772907E27BC5EE300F8892F /* Products */;
			projectDirPath = "";
			projectRoot = "";
			targets = (
				8772907C27BC5EE300F8892F /* ex01-bonesnobones */,
			);
		};
/* End PBXProject section */

/* Begin PBXResourcesBuildPhase section */
		8772907B27BC5EE300F8892F /* Resources */ = {
			isa = PBXResourcesBuildPhase;
			buildActionMask = 2147483647;
			files = (
				8772908827BC5EE400F8892F /* Preview Assets.xcassets in Resources */,
				8772908527BC5EE400F8892F /* Assets.xcassets in Resources */,
			);
			runOnlyForDeploymentPostprocessing = 0;
		};
/* End PBXResourcesBuildPhase section */

/* Begin PBXSourcesBuildPhase section */
		8772907927BC5EE300F8892F /* Sources */ = {
			isa = PBXSourcesBuildPhase;
			buildActionMask = 2147483647;
			files = (
				8772908327BC5EE300F8892F /* ContentView.swift in Sources */,
				8772909127BC601B00F8892F /* BonesService.swift in Sources */,
				8772908F27BC5EFE00F8892F /* BonesDay.swift in Sources */,
				8772908127BC5EE300F8892F /* ex01_bonesnobonesApp.swift in Sources */,
				8772909327BC612900F8892F /* BonesListViewModel.swift in Sources */,
			);
			runOnlyForDeploymentPostprocessing = 0;
		};
/* End PBXSourcesBuildPhase section */

/* Begin XCBuildConfiguration section */
		8772908927BC5EE400F8892F /* Debug */ = {
			isa = XCBuildConfiguration;
			buildSettings = {
				ALWAYS_SEARCH_USER_PATHS = NO;
				CLANG_ANALYZER_NONNULL = YES;
				CLANG_ANALYZER_NUMBER_OBJECT_CONVERSION = YES_AGGRESSIVE;
				CLANG_CXX_LANGUAGE_STANDARD = "gnu++17";
				CLANG_CXX_LIBRARY = "libc++";
				CLANG_ENABLE_MODULES = YES;
				CLANG_ENABLE_OBJC_ARC = YES;
				CLANG_ENABLE_OBJC_WEAK = YES;
				CLANG_WARN_BLOCK_CAPTURE_AUTORELEASING = YES;
				CLANG_WARN_BOOL_CONVERSION = YES;
				CLANG_WARN_COMMA = YES;
				CLANG_WARN_CONSTANT_CONVERSION = YES;
				CLANG_WARN_DEPRECATED_OBJC_IMPLEMENTATIONS = YES;
				CLANG_WARN_DIRECT_OBJC_ISA_USAGE = YES_ERROR;
				CLANG_WARN_DOCUMENTATION_COMMENTS = YES;
				CLANG_WARN_EMPTY_BODY = YES;
				CLANG_WARN_ENUM_CONVERSION = YES;
				CLANG_WARN_INFINITE_RECURSION = YES;
				CLANG_WARN_INT_CONVERSION = YES;
				CLANG_WARN_NON_LITERAL_NULL_CONVERSION = YES;
				CLANG_WARN_OBJC_IMPLICIT_RETAIN_SELF = YES;
				CLANG_WARN_OBJC_LITERAL_CONVERSION = YES;
				CLANG_WARN_OBJC_ROOT_CLASS = YES_ERROR;
				CLANG_WARN_QUOTED_INCLUDE_IN_FRAMEWORK_HEADER = YES;
				CLANG_WARN_RANGE_LOOP_ANALYSIS = YES;
				CLANG_WARN_STRICT_PROTOTYPES = YES;
				CLANG_WARN_SUSPICIOUS_MOVE = YES;
				CLANG_WARN_UNGUARDED_AVAILABILITY = YES_AGGRESSIVE;
				CLANG_WARN_UNREACHABLE_CODE = YES;
				CLANG_WARN__DUPLICATE_METHOD_MATCH = YES;
				COPY_PHASE_STRIP = NO;
				DEBUG_INFORMATION_FORMAT = dwarf;
				ENABLE_STRICT_OBJC_MSGSEND = YES;
				ENABLE_TESTABILITY = YES;
				GCC_C_LANGUAGE_STANDARD = gnu11;
				GCC_DYNAMIC_NO_PIC = NO;
				GCC_NO_COMMON_BLOCKS = YES;
				GCC_OPTIMIZATION_LEVEL = 0;
				GCC_PREPROCESSOR_DEFINITIONS = (
					"DEBUG=1",
					"$(inherited)",
				);
				GCC_WARN_64_TO_32_BIT_CONVERSION = YES;
				GCC_WARN_ABOUT_RETURN_TYPE = YES_ERROR;
				GCC_WARN_UNDECLARED_SELECTOR = YES;
				GCC_WARN_UNINITIALIZED_AUTOS = YES_AGGRESSIVE;
				GCC_WARN_UNUSED_FUNCTION = YES;
				GCC_WARN_UNUSED_VARIABLE = YES;
				IPHONEOS_DEPLOYMENT_TARGET = 15.2;
				MTL_ENABLE_DEBUG_INFO = INCLUDE_SOURCE;
				MTL_FAST_MATH = YES;
				ONLY_ACTIVE_ARCH = YES;
				SDKROOT = iphoneos;
				SWIFT_ACTIVE_COMPILATION_CONDITIONS = DEBUG;
				SWIFT_OPTIMIZATION_LEVEL = "-Onone";
			};
			name = Debug;
		};
		8772908A27BC5EE400F8892F /* Release */ = {
			isa = XCBuildConfiguration;
			buildSettings = {
				ALWAYS_SEARCH_USER_PATHS = NO;
				CLANG_ANALYZER_NONNULL = YES;
				CLANG_ANALYZER_NUMBER_OBJECT_CONVERSION = YES_AGGRESSIVE;
				CLANG_CXX_LANGUAGE_STANDARD = "gnu++17";
				CLANG_CXX_LIBRARY = "libc++";
				CLANG_ENABLE_MODULES = YES;
				CLANG_ENABLE_OBJC_ARC = YES;
				CLANG_ENABLE_OBJC_WEAK = YES;
				CLANG_WARN_BLOCK_CAPTURE_AUTORELEASING = YES;
				CLANG_WARN_BOOL_CONVERSION = YES;
				CLANG_WARN_COMMA = YES;
				CLANG_WARN_CONSTANT_CONVERSION = YES;
				CLANG_WARN_DEPRECATED_OBJC_IMPLEMENTATIONS = YES;
				CLANG_WARN_DIRECT_OBJC_ISA_USAGE = YES_ERROR;
				CLANG_WARN_DOCUMENTATION_COMMENTS = YES;
				CLANG_WARN_EMPTY_BODY = YES;
				CLANG_WARN_ENUM_CONVERSION = YES;
				CLANG_WARN_INFINITE_RECURSION = YES;
				CLANG_WARN_INT_CONVERSION = YES;
				CLANG_WARN_NON_LITERAL_NULL_CONVERSION = YES;
				CLANG_WARN_OBJC_IMPLICIT_RETAIN_SELF = YES;
				CLANG_WARN_OBJC_LITERAL_CONVERSION = YES;
				CLANG_WARN_OBJC_ROOT_CLASS = YES_ERROR;
				CLANG_WARN_QUOTED_INCLUDE_IN_FRAMEWORK_HEADER = YES;
				CLANG_WARN_RANGE_LOOP_ANALYSIS = YES;
				CLANG_WARN_STRICT_PROTOTYPES = YES;
				CLANG_WARN_SUSPICIOUS_MOVE = YES;
				CLANG_WARN_UNGUARDED_AVAILABILITY = YES_AGGRESSIVE;
				CLANG_WARN_UNREACHABLE_CODE = YES;
				CLANG_WARN__DUPLICATE_METHOD_MATCH = YES;
				COPY_PHASE_STRIP = NO;
				DEBUG_INFORMATION_FORMAT = "dwarf-with-dsym";
				ENABLE_NS_ASSERTIONS = NO;
				ENABLE_STRICT_OBJC_MSGSEND = YES;
				GCC_C_LANGUAGE_STANDARD = gnu11;
				GCC_NO_COMMON_BLOCKS = YES;
				GCC_WARN_64_TO_32_BIT_CONVERSION = YES;
				GCC_WARN_ABOUT_RETURN_TYPE = YES_ERROR;
				GCC_WARN_UNDECLARED_SELECTOR = YES;
				GCC_WARN_UNINITIALIZED_AUTOS = YES_AGGRESSIVE;
				GCC_WARN_UNUSED_FUNCTION = YES;
				GCC_WARN_UNUSED_VARIABLE = YES;
				IPHONEOS_DEPLOYMENT_TARGET = 15.2;
				MTL_ENABLE_DEBUG_INFO = NO;
				MTL_FAST_MATH = YES;
				SDKROOT = iphoneos;
				SWIFT_COMPILATION_MODE = wholemodule;
				SWIFT_OPTIMIZATION_LEVEL = "-O";
				VALIDATE_PRODUCT = YES;
			};
			name = Release;
		};
		8772908C27BC5EE400F8892F /* Debug */ = {
			isa = XCBuildConfiguration;
			buildSettings = {
				ASSETCATALOG_COMPILER_APPICON_NAME = AppIcon;
				ASSETCATALOG_COMPILER_GLOBAL_ACCENT_COLOR_NAME = AccentColor;
				CODE_SIGN_STYLE = Automatic;
				CURRENT_PROJECT_VERSION = 1;
				DEVELOPMENT_ASSET_PATHS = "\"ex01-bonesnobones/Preview Content\"";
				DEVELOPMENT_TEAM = Q9PPH2T3L2;
				ENABLE_PREVIEWS = YES;
				GENERATE_INFOPLIST_FILE = YES;
				INFOPLIST_KEY_UIApplicationSceneManifest_Generation = YES;
				INFOPLIST_KEY_UIApplicationSupportsIndirectInputEvents = YES;
				INFOPLIST_KEY_UILaunchScreen_Generation = YES;
				INFOPLIST_KEY_UISupportedInterfaceOrientations_iPad = "UIInterfaceOrientationPortrait UIInterfaceOrientationPortraitUpsideDown UIInterfaceOrientationLandscapeLeft UIInterfaceOrientationLandscapeRight";
				INFOPLIST_KEY_UISupportedInterfaceOrientations_iPhone = "UIInterfaceOrientationPortrait UIInterfaceOrientationLandscapeLeft UIInterfaceOrientationLandscapeRight";
				LD_RUNPATH_SEARCH_PATHS = (
					"$(inherited)",
					"@executable_path/Frameworks",
				);
				MARKETING_VERSION = 1.0;
				PRODUCT_BUNDLE_IDENTIFIER = "com.samuelshi.ex01-bonesnobones";
				PRODUCT_NAME = "$(TARGET_NAME)";
				SWIFT_EMIT_LOC_STRINGS = YES;
				SWIFT_VERSION = 5.0;
				TARGETED_DEVICE_FAMILY = "1,2";
			};
			name = Debug;
		};
		8772908D27BC5EE400F8892F /* Release */ = {
			isa = XCBuildConfiguration;
			buildSettings = {
				ASSETCATALOG_COMPILER_APPICON_NAME = AppIcon;
				ASSETCATALOG_COMPILER_GLOBAL_ACCENT_COLOR_NAME = AccentColor;
				CODE_SIGN_STYLE = Automatic;
				CURRENT_PROJECT_VERSION = 1;
				DEVELOPMENT_ASSET_PATHS = "\"ex01-bonesnobones/Preview Content\"";
				DEVELOPMENT_TEAM = Q9PPH2T3L2;
				ENABLE_PREVIEWS = YES;
				GENERATE_INFOPLIST_FILE = YES;
				INFOPLIST_KEY_UIApplicationSceneManifest_Generation = YES;
				INFOPLIST_KEY_UIApplicationSupportsIndirectInputEvents = YES;
				INFOPLIST_KEY_UILaunchScreen_Generation = YES;
				INFOPLIST_KEY_UISupportedInterfaceOrientations_iPad = "UIInterfaceOrientationPortrait UIInterfaceOrientationPortraitUpsideDown UIInterfaceOrientationLandscapeLeft UIInterfaceOrientationLandscapeRight";
				INFOPLIST_KEY_UISupportedInterfaceOrientations_iPhone = "UIInterfaceOrientationPortrait UIInterfaceOrientationLandscapeLeft UIInterfaceOrientationLandscapeRight";
				LD_RUNPATH_SEARCH_PATHS = (
					"$(inherited)",
					"@executable_path/Frameworks",
				);
				MARKETING_VERSION = 1.0;
				PRODUCT_BUNDLE_IDENTIFIER = "com.samuelshi.ex01-bonesnobones";
				PRODUCT_NAME = "$(TARGET_NAME)";
				SWIFT_EMIT_LOC_STRINGS = YES;
				SWIFT_VERSION = 5.0;
				TARGETED_DEVICE_FAMILY = "1,2";
			};
			name = Release;
		};
/* End XCBuildConfiguration section */

/* Begin XCConfigurationList section */
		8772907827BC5EE300F8892F /* Build configuration list for PBXProject "ex01-bonesnobones" */ = {
			isa = XCConfigurationList;
			buildConfigurations = (
				8772908927BC5EE400F8892F /* Debug */,
				8772908A27BC5EE400F8892F /* Release */,
			);
			defaultConfigurationIsVisible = 0;
			defaultConfigurationName = Release;
		};
		8772908B27BC5EE400F8892F /* Build configuration list for PBXNativeTarget "ex01-bonesnobones" */ = {
			isa = XCConfigurationList;
			buildConfigurations = (
				8772908C27BC5EE400F8892F /* Debug */,
				8772908D27BC5EE400F8892F /* Release */,
			);
			defaultConfigurationIsVisible = 0;
			defaultConfigurationName = Release;
		};
/* End XCConfigurationList section */
	};
	rootObject = 8772907527BC5EE300F8892F /* Project object */;
}
