// !$*UTF8*$!
{
	archiveVersion = 1;
	classes = {
	};
	objectVersion = 55;
	objects = {

/* Begin PBXBuildFile section */
		F65308FF27CEE464006FCDE7 /* SettingsScreen.swift in Sources */ = {isa = PBXBuildFile; fileRef = F65308FE27CEE464006FCDE7 /* SettingsScreen.swift */; };
		F6E5BB1827CEBF4600DBBF45 /* DayCounterApp.swift in Sources */ = {isa = PBXBuildFile; fileRef = F6E5BB1727CEBF4600DBBF45 /* DayCounterApp.swift */; };
		F6E5BB1A27CEBF4600DBBF45 /* ContentView.swift in Sources */ = {isa = PBXBuildFile; fileRef = F6E5BB1927CEBF4600DBBF45 /* ContentView.swift */; };
		F6E5BB1C27CEBF4700DBBF45 /* Assets.xcassets in Resources */ = {isa = PBXBuildFile; fileRef = F6E5BB1B27CEBF4700DBBF45 /* Assets.xcassets */; };
		F6E5BB1F27CEBF4700DBBF45 /* Preview Assets.xcassets in Resources */ = {isa = PBXBuildFile; fileRef = F6E5BB1E27CEBF4700DBBF45 /* Preview Assets.xcassets */; };
		F6E5BB2E27CEC25000DBBF45 /* WidgetKit.framework in Frameworks */ = {isa = PBXBuildFile; fileRef = F6E5BB2D27CEC25000DBBF45 /* WidgetKit.framework */; };
		F6E5BB3027CEC25000DBBF45 /* SwiftUI.framework in Frameworks */ = {isa = PBXBuildFile; fileRef = F6E5BB2F27CEC25000DBBF45 /* SwiftUI.framework */; };
		F6E5BB3327CEC25000DBBF45 /* DayCounterWidget.swift in Sources */ = {isa = PBXBuildFile; fileRef = F6E5BB3227CEC25000DBBF45 /* DayCounterWidget.swift */; };
		F6E5BB3627CEC25200DBBF45 /* Assets.xcassets in Resources */ = {isa = PBXBuildFile; fileRef = F6E5BB3527CEC25200DBBF45 /* Assets.xcassets */; };
		F6E5BB3827CEC25200DBBF45 /* DayCounterWidget.intentdefinition in Sources */ = {isa = PBXBuildFile; fileRef = F6E5BB3427CEC25000DBBF45 /* DayCounterWidget.intentdefinition */; };
		F6E5BB3927CEC25200DBBF45 /* DayCounterWidget.intentdefinition in Sources */ = {isa = PBXBuildFile; fileRef = F6E5BB3427CEC25000DBBF45 /* DayCounterWidget.intentdefinition */; };
		F6E5BB3C27CEC25200DBBF45 /* DayCounterWidgetExtension.appex in Embed App Extensions */ = {isa = PBXBuildFile; fileRef = F6E5BB2B27CEC25000DBBF45 /* DayCounterWidgetExtension.appex */; settings = {ATTRIBUTES = (RemoveHeadersOnCopy, ); }; };
		F6E5BB4227CECF2B00DBBF45 /* SettingsView.swift in Sources */ = {isa = PBXBuildFile; fileRef = F6E5BB4127CECF2B00DBBF45 /* SettingsView.swift */; };
/* End PBXBuildFile section */

/* Begin PBXContainerItemProxy section */
		F6E5BB3A27CEC25200DBBF45 /* PBXContainerItemProxy */ = {
			isa = PBXContainerItemProxy;
			containerPortal = F6E5BB0C27CEBF4600DBBF45 /* Project object */;
			proxyType = 1;
			remoteGlobalIDString = F6E5BB2A27CEC25000DBBF45;
			remoteInfo = DayCounterWidgetExtension;
		};
/* End PBXContainerItemProxy section */

/* Begin PBXCopyFilesBuildPhase section */
		F6E5BB4027CEC25200DBBF45 /* Embed App Extensions */ = {
			isa = PBXCopyFilesBuildPhase;
			buildActionMask = 2147483647;
			dstPath = "";
			dstSubfolderSpec = 13;
			files = (
				F6E5BB3C27CEC25200DBBF45 /* DayCounterWidgetExtension.appex in Embed App Extensions */,
			);
			name = "Embed App Extensions";
			runOnlyForDeploymentPostprocessing = 0;
		};
/* End PBXCopyFilesBuildPhase section */

/* Begin PBXFileReference section */
		F65308FE27CEE464006FCDE7 /* SettingsScreen.swift */ = {isa = PBXFileReference; lastKnownFileType = sourcecode.swift; path = SettingsScreen.swift; sourceTree = "<group>"; };
		F6E5BB1427CEBF4600DBBF45 /* DayCounter.app */ = {isa = PBXFileReference; explicitFileType = wrapper.application; includeInIndex = 0; path = DayCounter.app; sourceTree = BUILT_PRODUCTS_DIR; };
		F6E5BB1727CEBF4600DBBF45 /* DayCounterApp.swift */ = {isa = PBXFileReference; lastKnownFileType = sourcecode.swift; path = DayCounterApp.swift; sourceTree = "<group>"; };
		F6E5BB1927CEBF4600DBBF45 /* ContentView.swift */ = {isa = PBXFileReference; lastKnownFileType = sourcecode.swift; path = ContentView.swift; sourceTree = "<group>"; };
		F6E5BB1B27CEBF4700DBBF45 /* Assets.xcassets */ = {isa = PBXFileReference; lastKnownFileType = folder.assetcatalog; path = Assets.xcassets; sourceTree = "<group>"; };
		F6E5BB1E27CEBF4700DBBF45 /* Preview Assets.xcassets */ = {isa = PBXFileReference; lastKnownFileType = folder.assetcatalog; path = "Preview Assets.xcassets"; sourceTree = "<group>"; };
		F6E5BB2B27CEC25000DBBF45 /* DayCounterWidgetExtension.appex */ = {isa = PBXFileReference; explicitFileType = "wrapper.app-extension"; includeInIndex = 0; path = DayCounterWidgetExtension.appex; sourceTree = BUILT_PRODUCTS_DIR; };
		F6E5BB2D27CEC25000DBBF45 /* WidgetKit.framework */ = {isa = PBXFileReference; lastKnownFileType = wrapper.framework; name = WidgetKit.framework; path = System/Library/Frameworks/WidgetKit.framework; sourceTree = SDKROOT; };
		F6E5BB2F27CEC25000DBBF45 /* SwiftUI.framework */ = {isa = PBXFileReference; lastKnownFileType = wrapper.framework; name = SwiftUI.framework; path = System/Library/Frameworks/SwiftUI.framework; sourceTree = SDKROOT; };
		F6E5BB3227CEC25000DBBF45 /* DayCounterWidget.swift */ = {isa = PBXFileReference; lastKnownFileType = sourcecode.swift; path = DayCounterWidget.swift; sourceTree = "<group>"; };
		F6E5BB3427CEC25000DBBF45 /* DayCounterWidget.intentdefinition */ = {isa = PBXFileReference; lastKnownFileType = file.intentdefinition; path = DayCounterWidget.intentdefinition; sourceTree = "<group>"; };
		F6E5BB3527CEC25200DBBF45 /* Assets.xcassets */ = {isa = PBXFileReference; lastKnownFileType = folder.assetcatalog; path = Assets.xcassets; sourceTree = "<group>"; };
		F6E5BB3727CEC25200DBBF45 /* Info.plist */ = {isa = PBXFileReference; lastKnownFileType = text.plist.xml; path = Info.plist; sourceTree = "<group>"; };
		F6E5BB4127CECF2B00DBBF45 /* SettingsView.swift */ = {isa = PBXFileReference; lastKnownFileType = sourcecode.swift; path = SettingsView.swift; sourceTree = "<group>"; };
/* End PBXFileReference section */

/* Begin PBXFrameworksBuildPhase section */
		F6E5BB1127CEBF4600DBBF45 /* Frameworks */ = {
			isa = PBXFrameworksBuildPhase;
			buildActionMask = 2147483647;
			files = (
			);
			runOnlyForDeploymentPostprocessing = 0;
		};
		F6E5BB2827CEC25000DBBF45 /* Frameworks */ = {
			isa = PBXFrameworksBuildPhase;
			buildActionMask = 2147483647;
			files = (
				F6E5BB3027CEC25000DBBF45 /* SwiftUI.framework in Frameworks */,
				F6E5BB2E27CEC25000DBBF45 /* WidgetKit.framework in Frameworks */,
			);
			runOnlyForDeploymentPostprocessing = 0;
		};
/* End PBXFrameworksBuildPhase section */

/* Begin PBXGroup section */
		F6E5BB0B27CEBF4600DBBF45 = {
			isa = PBXGroup;
			children = (
				F6E5BB1627CEBF4600DBBF45 /* DayCounter */,
				F6E5BB3127CEC25000DBBF45 /* DayCounterWidget */,
				F6E5BB2C27CEC25000DBBF45 /* Frameworks */,
				F6E5BB1527CEBF4600DBBF45 /* Products */,
			);
			sourceTree = "<group>";
		};
		F6E5BB1527CEBF4600DBBF45 /* Products */ = {
			isa = PBXGroup;
			children = (
				F6E5BB1427CEBF4600DBBF45 /* DayCounter.app */,
				F6E5BB2B27CEC25000DBBF45 /* DayCounterWidgetExtension.appex */,
			);
			name = Products;
			sourceTree = "<group>";
		};
		F6E5BB1627CEBF4600DBBF45 /* DayCounter */ = {
			isa = PBXGroup;
			children = (
				F6E5BB1727CEBF4600DBBF45 /* DayCounterApp.swift */,
				F6E5BB1927CEBF4600DBBF45 /* ContentView.swift */,
				F65308FE27CEE464006FCDE7 /* SettingsScreen.swift */,
				F6E5BB4127CECF2B00DBBF45 /* SettingsView.swift */,
				F6E5BB1B27CEBF4700DBBF45 /* Assets.xcassets */,
				F6E5BB1D27CEBF4700DBBF45 /* Preview Content */,
			);
			path = DayCounter;
			sourceTree = "<group>";
		};
		F6E5BB1D27CEBF4700DBBF45 /* Preview Content */ = {
			isa = PBXGroup;
			children = (
				F6E5BB1E27CEBF4700DBBF45 /* Preview Assets.xcassets */,
			);
			path = "Preview Content";
			sourceTree = "<group>";
		};
		F6E5BB2C27CEC25000DBBF45 /* Frameworks */ = {
			isa = PBXGroup;
			children = (
				F6E5BB2D27CEC25000DBBF45 /* WidgetKit.framework */,
				F6E5BB2F27CEC25000DBBF45 /* SwiftUI.framework */,
			);
			name = Frameworks;
			sourceTree = "<group>";
		};
		F6E5BB3127CEC25000DBBF45 /* DayCounterWidget */ = {
			isa = PBXGroup;
			children = (
				F6E5BB3227CEC25000DBBF45 /* DayCounterWidget.swift */,
				F6E5BB3427CEC25000DBBF45 /* DayCounterWidget.intentdefinition */,
				F6E5BB3527CEC25200DBBF45 /* Assets.xcassets */,
				F6E5BB3727CEC25200DBBF45 /* Info.plist */,
			);
			path = DayCounterWidget;
			sourceTree = "<group>";
		};
/* End PBXGroup section */

/* Begin PBXNativeTarget section */
		F6E5BB1327CEBF4600DBBF45 /* DayCounter */ = {
			isa = PBXNativeTarget;
			buildConfigurationList = F6E5BB2227CEBF4700DBBF45 /* Build configuration list for PBXNativeTarget "DayCounter" */;
			buildPhases = (
				F6E5BB1027CEBF4600DBBF45 /* Sources */,
				F6E5BB1127CEBF4600DBBF45 /* Frameworks */,
				F6E5BB1227CEBF4600DBBF45 /* Resources */,
				F6E5BB4027CEC25200DBBF45 /* Embed App Extensions */,
			);
			buildRules = (
			);
			dependencies = (
				F6E5BB3B27CEC25200DBBF45 /* PBXTargetDependency */,
			);
			name = DayCounter;
			productName = DayCounter;
			productReference = F6E5BB1427CEBF4600DBBF45 /* DayCounter.app */;
			productType = "com.apple.product-type.application";
		};
		F6E5BB2A27CEC25000DBBF45 /* DayCounterWidgetExtension */ = {
			isa = PBXNativeTarget;
			buildConfigurationList = F6E5BB3D27CEC25200DBBF45 /* Build configuration list for PBXNativeTarget "DayCounterWidgetExtension" */;
			buildPhases = (
				F6E5BB2727CEC25000DBBF45 /* Sources */,
				F6E5BB2827CEC25000DBBF45 /* Frameworks */,
				F6E5BB2927CEC25000DBBF45 /* Resources */,
			);
			buildRules = (
			);
			dependencies = (
			);
			name = DayCounterWidgetExtension;
			productName = DayCounterWidgetExtension;
			productReference = F6E5BB2B27CEC25000DBBF45 /* DayCounterWidgetExtension.appex */;
			productType = "com.apple.product-type.app-extension";
		};
/* End PBXNativeTarget section */

/* Begin PBXProject section */
		F6E5BB0C27CEBF4600DBBF45 /* Project object */ = {
			isa = PBXProject;
			attributes = {
				BuildIndependentTargetsInParallel = 1;
				LastSwiftUpdateCheck = 1320;
				LastUpgradeCheck = 1320;
				TargetAttributes = {
					F6E5BB1327CEBF4600DBBF45 = {
						CreatedOnToolsVersion = 13.2.1;
					};
					F6E5BB2A27CEC25000DBBF45 = {
						CreatedOnToolsVersion = 13.2.1;
					};
				};
			};
			buildConfigurationList = F6E5BB0F27CEBF4600DBBF45 /* Build configuration list for PBXProject "DayCounter" */;
			compatibilityVersion = "Xcode 13.0";
			developmentRegion = en;
			hasScannedForEncodings = 0;
			knownRegions = (
				en,
				Base,
			);
			mainGroup = F6E5BB0B27CEBF4600DBBF45;
			productRefGroup = F6E5BB1527CEBF4600DBBF45 /* Products */;
			projectDirPath = "";
			projectRoot = "";
			targets = (
				F6E5BB1327CEBF4600DBBF45 /* DayCounter */,
				F6E5BB2A27CEC25000DBBF45 /* DayCounterWidgetExtension */,
			);
		};
/* End PBXProject section */

/* Begin PBXResourcesBuildPhase section */
		F6E5BB1227CEBF4600DBBF45 /* Resources */ = {
			isa = PBXResourcesBuildPhase;
			buildActionMask = 2147483647;
			files = (
				F6E5BB1F27CEBF4700DBBF45 /* Preview Assets.xcassets in Resources */,
				F6E5BB1C27CEBF4700DBBF45 /* Assets.xcassets in Resources */,
			);
			runOnlyForDeploymentPostprocessing = 0;
		};
		F6E5BB2927CEC25000DBBF45 /* Resources */ = {
			isa = PBXResourcesBuildPhase;
			buildActionMask = 2147483647;
			files = (
				F6E5BB3627CEC25200DBBF45 /* Assets.xcassets in Resources */,
			);
			runOnlyForDeploymentPostprocessing = 0;
		};
/* End PBXResourcesBuildPhase section */

/* Begin PBXSourcesBuildPhase section */
		F6E5BB1027CEBF4600DBBF45 /* Sources */ = {
			isa = PBXSourcesBuildPhase;
			buildActionMask = 2147483647;
			files = (
				F6E5BB4227CECF2B00DBBF45 /* SettingsView.swift in Sources */,
				F6E5BB3927CEC25200DBBF45 /* DayCounterWidget.intentdefinition in Sources */,
				F6E5BB1A27CEBF4600DBBF45 /* ContentView.swift in Sources */,
				F65308FF27CEE464006FCDE7 /* SettingsScreen.swift in Sources */,
				F6E5BB1827CEBF4600DBBF45 /* DayCounterApp.swift in Sources */,
			);
			runOnlyForDeploymentPostprocessing = 0;
		};
		F6E5BB2727CEC25000DBBF45 /* Sources */ = {
			isa = PBXSourcesBuildPhase;
			buildActionMask = 2147483647;
			files = (
				F6E5BB3827CEC25200DBBF45 /* DayCounterWidget.intentdefinition in Sources */,
				F6E5BB3327CEC25000DBBF45 /* DayCounterWidget.swift in Sources */,
			);
			runOnlyForDeploymentPostprocessing = 0;
		};
/* End PBXSourcesBuildPhase section */

/* Begin PBXTargetDependency section */
		F6E5BB3B27CEC25200DBBF45 /* PBXTargetDependency */ = {
			isa = PBXTargetDependency;
			target = F6E5BB2A27CEC25000DBBF45 /* DayCounterWidgetExtension */;
			targetProxy = F6E5BB3A27CEC25200DBBF45 /* PBXContainerItemProxy */;
		};
/* End PBXTargetDependency section */

/* Begin XCBuildConfiguration section */
		F6E5BB2027CEBF4700DBBF45 /* Debug */ = {
			isa = XCBuildConfiguration;
			buildSettings = {
				ALWAYS_SEARCH_USER_PATHS = NO;
				CLANG_ANALYZER_NONNULL = YES;
				CLANG_ANALYZER_NUMBER_OBJECT_CONVERSION = YES_AGGRESSIVE;
				CLANG_CXX_LANGUAGE_STANDARD = "gnu++17";
				CLANG_CXX_LIBRARY = "libc++";
				CLANG_ENABLE_MODULES = YES;
				CLANG_ENABLE_OBJC_ARC = YES;
				CLANG_ENABLE_OBJC_WEAK = YES;
				CLANG_WARN_BLOCK_CAPTURE_AUTORELEASING = YES;
				CLANG_WARN_BOOL_CONVERSION = YES;
				CLANG_WARN_COMMA = YES;
				CLANG_WARN_CONSTANT_CONVERSION = YES;
				CLANG_WARN_DEPRECATED_OBJC_IMPLEMENTATIONS = YES;
				CLANG_WARN_DIRECT_OBJC_ISA_USAGE = YES_ERROR;
				CLANG_WARN_DOCUMENTATION_COMMENTS = YES;
				CLANG_WARN_EMPTY_BODY = YES;
				CLANG_WARN_ENUM_CONVERSION = YES;
				CLANG_WARN_INFINITE_RECURSION = YES;
				CLANG_WARN_INT_CONVERSION = YES;
				CLANG_WARN_NON_LITERAL_NULL_CONVERSION = YES;
				CLANG_WARN_OBJC_IMPLICIT_RETAIN_SELF = YES;
				CLANG_WARN_OBJC_LITERAL_CONVERSION = YES;
				CLANG_WARN_OBJC_ROOT_CLASS = YES_ERROR;
				CLANG_WARN_QUOTED_INCLUDE_IN_FRAMEWORK_HEADER = YES;
				CLANG_WARN_RANGE_LOOP_ANALYSIS = YES;
				CLANG_WARN_STRICT_PROTOTYPES = YES;
				CLANG_WARN_SUSPICIOUS_MOVE = YES;
				CLANG_WARN_UNGUARDED_AVAILABILITY = YES_AGGRESSIVE;
				CLANG_WARN_UNREACHABLE_CODE = YES;
				CLANG_WARN__DUPLICATE_METHOD_MATCH = YES;
				COPY_PHASE_STRIP = NO;
				DEBUG_INFORMATION_FORMAT = dwarf;
				ENABLE_STRICT_OBJC_MSGSEND = YES;
				ENABLE_TESTABILITY = YES;
				GCC_C_LANGUAGE_STANDARD = gnu11;
				GCC_DYNAMIC_NO_PIC = NO;
				GCC_NO_COMMON_BLOCKS = YES;
				GCC_OPTIMIZATION_LEVEL = 0;
				GCC_PREPROCESSOR_DEFINITIONS = (
					"DEBUG=1",
					"$(inherited)",
				);
				GCC_WARN_64_TO_32_BIT_CONVERSION = YES;
				GCC_WARN_ABOUT_RETURN_TYPE = YES_ERROR;
				GCC_WARN_UNDECLARED_SELECTOR = YES;
				GCC_WARN_UNINITIALIZED_AUTOS = YES_AGGRESSIVE;
				GCC_WARN_UNUSED_FUNCTION = YES;
				GCC_WARN_UNUSED_VARIABLE = YES;
				IPHONEOS_DEPLOYMENT_TARGET = 15.2;
				MTL_ENABLE_DEBUG_INFO = INCLUDE_SOURCE;
				MTL_FAST_MATH = YES;
				ONLY_ACTIVE_ARCH = YES;
				SDKROOT = iphoneos;
				SWIFT_ACTIVE_COMPILATION_CONDITIONS = DEBUG;
				SWIFT_OPTIMIZATION_LEVEL = "-Onone";
			};
			name = Debug;
		};
		F6E5BB2127CEBF4700DBBF45 /* Release */ = {
			isa = XCBuildConfiguration;
			buildSettings = {
				ALWAYS_SEARCH_USER_PATHS = NO;
				CLANG_ANALYZER_NONNULL = YES;
				CLANG_ANALYZER_NUMBER_OBJECT_CONVERSION = YES_AGGRESSIVE;
				CLANG_CXX_LANGUAGE_STANDARD = "gnu++17";
				CLANG_CXX_LIBRARY = "libc++";
				CLANG_ENABLE_MODULES = YES;
				CLANG_ENABLE_OBJC_ARC = YES;
				CLANG_ENABLE_OBJC_WEAK = YES;
				CLANG_WARN_BLOCK_CAPTURE_AUTORELEASING = YES;
				CLANG_WARN_BOOL_CONVERSION = YES;
				CLANG_WARN_COMMA = YES;
				CLANG_WARN_CONSTANT_CONVERSION = YES;
				CLANG_WARN_DEPRECATED_OBJC_IMPLEMENTATIONS = YES;
				CLANG_WARN_DIRECT_OBJC_ISA_USAGE = YES_ERROR;
				CLANG_WARN_DOCUMENTATION_COMMENTS = YES;
				CLANG_WARN_EMPTY_BODY = YES;
				CLANG_WARN_ENUM_CONVERSION = YES;
				CLANG_WARN_INFINITE_RECURSION = YES;
				CLANG_WARN_INT_CONVERSION = YES;
				CLANG_WARN_NON_LITERAL_NULL_CONVERSION = YES;
				CLANG_WARN_OBJC_IMPLICIT_RETAIN_SELF = YES;
				CLANG_WARN_OBJC_LITERAL_CONVERSION = YES;
				CLANG_WARN_OBJC_ROOT_CLASS = YES_ERROR;
				CLANG_WARN_QUOTED_INCLUDE_IN_FRAMEWORK_HEADER = YES;
				CLANG_WARN_RANGE_LOOP_ANALYSIS = YES;
				CLANG_WARN_STRICT_PROTOTYPES = YES;
				CLANG_WARN_SUSPICIOUS_MOVE = YES;
				CLANG_WARN_UNGUARDED_AVAILABILITY = YES_AGGRESSIVE;
				CLANG_WARN_UNREACHABLE_CODE = YES;
				CLANG_WARN__DUPLICATE_METHOD_MATCH = YES;
				COPY_PHASE_STRIP = NO;
				DEBUG_INFORMATION_FORMAT = "dwarf-with-dsym";
				ENABLE_NS_ASSERTIONS = NO;
				ENABLE_STRICT_OBJC_MSGSEND = YES;
				GCC_C_LANGUAGE_STANDARD = gnu11;
				GCC_NO_COMMON_BLOCKS = YES;
				GCC_WARN_64_TO_32_BIT_CONVERSION = YES;
				GCC_WARN_ABOUT_RETURN_TYPE = YES_ERROR;
				GCC_WARN_UNDECLARED_SELECTOR = YES;
				GCC_WARN_UNINITIALIZED_AUTOS = YES_AGGRESSIVE;
				GCC_WARN_UNUSED_FUNCTION = YES;
				GCC_WARN_UNUSED_VARIABLE = YES;
				IPHONEOS_DEPLOYMENT_TARGET = 15.2;
				MTL_ENABLE_DEBUG_INFO = NO;
				MTL_FAST_MATH = YES;
				SDKROOT = iphoneos;
				SWIFT_COMPILATION_MODE = wholemodule;
				SWIFT_OPTIMIZATION_LEVEL = "-O";
				VALIDATE_PRODUCT = YES;
			};
			name = Release;
		};
		F6E5BB2327CEBF4700DBBF45 /* Debug */ = {
			isa = XCBuildConfiguration;
			buildSettings = {
				ALWAYS_EMBED_SWIFT_STANDARD_LIBRARIES = YES;
				ASSETCATALOG_COMPILER_APPICON_NAME = AppIcon;
				ASSETCATALOG_COMPILER_GLOBAL_ACCENT_COLOR_NAME = AccentColor;
				CODE_SIGN_STYLE = Automatic;
				CURRENT_PROJECT_VERSION = 1;
				DEVELOPMENT_ASSET_PATHS = "\"DayCounter/Preview Content\"";
				DEVELOPMENT_TEAM = MUU5R72BC7;
				ENABLE_PREVIEWS = YES;
				GENERATE_INFOPLIST_FILE = YES;
				INFOPLIST_KEY_UIApplicationSceneManifest_Generation = YES;
				INFOPLIST_KEY_UIApplicationSupportsIndirectInputEvents = YES;
				INFOPLIST_KEY_UILaunchScreen_Generation = YES;
				INFOPLIST_KEY_UISupportedInterfaceOrientations_iPad = "UIInterfaceOrientationPortrait UIInterfaceOrientationPortraitUpsideDown UIInterfaceOrientationLandscapeLeft UIInterfaceOrientationLandscapeRight";
				INFOPLIST_KEY_UISupportedInterfaceOrientations_iPhone = "UIInterfaceOrientationPortrait UIInterfaceOrientationLandscapeLeft UIInterfaceOrientationLandscapeRight";
				LD_RUNPATH_SEARCH_PATHS = (
					"$(inherited)",
					"@executable_path/Frameworks",
				);
				MARKETING_VERSION = 1.0;
				PRODUCT_BUNDLE_IDENTIFIER = "turner-white.DayCounter";
				PRODUCT_NAME = "$(TARGET_NAME)";
				SWIFT_EMIT_LOC_STRINGS = YES;
				SWIFT_VERSION = 5.0;
				TARGETED_DEVICE_FAMILY = "1,2";
			};
			name = Debug;
		};
		F6E5BB2427CEBF4700DBBF45 /* Release */ = {
			isa = XCBuildConfiguration;
			buildSettings = {
				ALWAYS_EMBED_SWIFT_STANDARD_LIBRARIES = YES;
				ASSETCATALOG_COMPILER_APPICON_NAME = AppIcon;
				ASSETCATALOG_COMPILER_GLOBAL_ACCENT_COLOR_NAME = AccentColor;
				CODE_SIGN_STYLE = Automatic;
				CURRENT_PROJECT_VERSION = 1;
				DEVELOPMENT_ASSET_PATHS = "\"DayCounter/Preview Content\"";
				DEVELOPMENT_TEAM = MUU5R72BC7;
				ENABLE_PREVIEWS = YES;
				GENERATE_INFOPLIST_FILE = YES;
				INFOPLIST_KEY_UIApplicationSceneManifest_Generation = YES;
				INFOPLIST_KEY_UIApplicationSupportsIndirectInputEvents = YES;
				INFOPLIST_KEY_UILaunchScreen_Generation = YES;
				INFOPLIST_KEY_UISupportedInterfaceOrientations_iPad = "UIInterfaceOrientationPortrait UIInterfaceOrientationPortraitUpsideDown UIInterfaceOrientationLandscapeLeft UIInterfaceOrientationLandscapeRight";
				INFOPLIST_KEY_UISupportedInterfaceOrientations_iPhone = "UIInterfaceOrientationPortrait UIInterfaceOrientationLandscapeLeft UIInterfaceOrientationLandscapeRight";
				LD_RUNPATH_SEARCH_PATHS = (
					"$(inherited)",
					"@executable_path/Frameworks",
				);
				MARKETING_VERSION = 1.0;
				PRODUCT_BUNDLE_IDENTIFIER = "turner-white.DayCounter";
				PRODUCT_NAME = "$(TARGET_NAME)";
				SWIFT_EMIT_LOC_STRINGS = YES;
				SWIFT_VERSION = 5.0;
				TARGETED_DEVICE_FAMILY = "1,2";
			};
			name = Release;
		};
		F6E5BB3E27CEC25200DBBF45 /* Debug */ = {
			isa = XCBuildConfiguration;
			buildSettings = {
				ASSETCATALOG_COMPILER_GLOBAL_ACCENT_COLOR_NAME = AccentColor;
				ASSETCATALOG_COMPILER_WIDGET_BACKGROUND_COLOR_NAME = WidgetBackground;
				CODE_SIGN_STYLE = Automatic;
				CURRENT_PROJECT_VERSION = 1;
				DEVELOPMENT_TEAM = MUU5R72BC7;
				GENERATE_INFOPLIST_FILE = YES;
				INFOPLIST_FILE = DayCounterWidget/Info.plist;
				INFOPLIST_KEY_CFBundleDisplayName = DayCounterWidget;
				INFOPLIST_KEY_NSHumanReadableCopyright = "";
				LD_RUNPATH_SEARCH_PATHS = (
					"$(inherited)",
					"@executable_path/Frameworks",
					"@executable_path/../../Frameworks",
				);
				MARKETING_VERSION = 1.0;
				PRODUCT_BUNDLE_IDENTIFIER = "turner-white.DayCounter.DayCounterWidget";
				PRODUCT_NAME = "$(TARGET_NAME)";
				SKIP_INSTALL = YES;
				SWIFT_EMIT_LOC_STRINGS = YES;
				SWIFT_VERSION = 5.0;
				TARGETED_DEVICE_FAMILY = "1,2";
			};
			name = Debug;
		};
		F6E5BB3F27CEC25200DBBF45 /* Release */ = {
			isa = XCBuildConfiguration;
			buildSettings = {
				ASSETCATALOG_COMPILER_GLOBAL_ACCENT_COLOR_NAME = AccentColor;
				ASSETCATALOG_COMPILER_WIDGET_BACKGROUND_COLOR_NAME = WidgetBackground;
				CODE_SIGN_STYLE = Automatic;
				CURRENT_PROJECT_VERSION = 1;
				DEVELOPMENT_TEAM = MUU5R72BC7;
				GENERATE_INFOPLIST_FILE = YES;
				INFOPLIST_FILE = DayCounterWidget/Info.plist;
				INFOPLIST_KEY_CFBundleDisplayName = DayCounterWidget;
				INFOPLIST_KEY_NSHumanReadableCopyright = "";
				LD_RUNPATH_SEARCH_PATHS = (
					"$(inherited)",
					"@executable_path/Frameworks",
					"@executable_path/../../Frameworks",
				);
				MARKETING_VERSION = 1.0;
				PRODUCT_BUNDLE_IDENTIFIER = "turner-white.DayCounter.DayCounterWidget";
				PRODUCT_NAME = "$(TARGET_NAME)";
				SKIP_INSTALL = YES;
				SWIFT_EMIT_LOC_STRINGS = YES;
				SWIFT_VERSION = 5.0;
				TARGETED_DEVICE_FAMILY = "1,2";
			};
			name = Release;
		};
/* End XCBuildConfiguration section */

/* Begin XCConfigurationList section */
		F6E5BB0F27CEBF4600DBBF45 /* Build configuration list for PBXProject "DayCounter" */ = {
			isa = XCConfigurationList;
			buildConfigurations = (
				F6E5BB2027CEBF4700DBBF45 /* Debug */,
				F6E5BB2127CEBF4700DBBF45 /* Release */,
			);
			defaultConfigurationIsVisible = 0;
			defaultConfigurationName = Release;
		};
		F6E5BB2227CEBF4700DBBF45 /* Build configuration list for PBXNativeTarget "DayCounter" */ = {
			isa = XCConfigurationList;
			buildConfigurations = (
				F6E5BB2327CEBF4700DBBF45 /* Debug */,
				F6E5BB2427CEBF4700DBBF45 /* Release */,
			);
			defaultConfigurationIsVisible = 0;
			defaultConfigurationName = Release;
		};
		F6E5BB3D27CEC25200DBBF45 /* Build configuration list for PBXNativeTarget "DayCounterWidgetExtension" */ = {
			isa = XCConfigurationList;
			buildConfigurations = (
				F6E5BB3E27CEC25200DBBF45 /* Debug */,
				F6E5BB3F27CEC25200DBBF45 /* Release */,
			);
			defaultConfigurationIsVisible = 0;
			defaultConfigurationName = Release;
		};
/* End XCConfigurationList section */
	};
	rootObject = F6E5BB0C27CEBF4600DBBF45 /* Project object */;
}
