// !$*UTF8*$!
{
	archiveVersion = 1;
	classes = {
	};
	objectVersion = 55;
	objects = {

/* Begin PBXBuildFile section */
		BD5CA286278CE7FA005E72BD /* p00_todoApp.swift in Sources */ = {isa = PBXBuildFile; fileRef = BD5CA285278CE7FA005E72BD /* p00_todoApp.swift */; };
		BD5CA288278CE7FA005E72BD /* ContentView.swift in Sources */ = {isa = PBXBuildFile; fileRef = BD5CA287278CE7FA005E72BD /* ContentView.swift */; };
		BD5CA28A278CE7FB005E72BD /* Assets.xcassets in Resources */ = {isa = PBXBuildFile; fileRef = BD5CA289278CE7FB005E72BD /* Assets.xcassets */; };
		BD5CA28D278CE7FB005E72BD /* Preview Assets.xcassets in Resources */ = {isa = PBXBuildFile; fileRef = BD5CA28C278CE7FB005E72BD /* Preview Assets.xcassets */; };
		BD5CA294278CE819005E72BD /* TodoListView.swift in Sources */ = {isa = PBXBuildFile; fileRef = BD5CA293278CE819005E72BD /* TodoListView.swift */; };
		BD5CA296278CE899005E72BD /* Todo.swift in Sources */ = {isa = PBXBuildFile; fileRef = BD5CA295278CE899005E72BD /* Todo.swift */; };
		BD5CA298278CF47E005E72BD /* TodoDetailView.swift in Sources */ = {isa = PBXBuildFile; fileRef = BD5CA297278CF47E005E72BD /* TodoDetailView.swift */; };
		BD6335EB278DECE60053C763 /* TodoList.swift in Sources */ = {isa = PBXBuildFile; fileRef = BD6335EA278DECE60053C763 /* TodoList.swift */; };
/* End PBXBuildFile section */

/* Begin PBXFileReference section */
		BD5CA282278CE7FA005E72BD /* ex00-todo.app */ = {isa = PBXFileReference; explicitFileType = wrapper.application; includeInIndex = 0; path = "ex00-todo.app"; sourceTree = BUILT_PRODUCTS_DIR; };
		BD5CA285278CE7FA005E72BD /* p00_todoApp.swift */ = {isa = PBXFileReference; lastKnownFileType = sourcecode.swift; path = p00_todoApp.swift; sourceTree = "<group>"; };
		BD5CA287278CE7FA005E72BD /* ContentView.swift */ = {isa = PBXFileReference; lastKnownFileType = sourcecode.swift; path = ContentView.swift; sourceTree = "<group>"; };
		BD5CA289278CE7FB005E72BD /* Assets.xcassets */ = {isa = PBXFileReference; lastKnownFileType = folder.assetcatalog; path = Assets.xcassets; sourceTree = "<group>"; };
		BD5CA28C278CE7FB005E72BD /* Preview Assets.xcassets */ = {isa = PBXFileReference; lastKnownFileType = folder.assetcatalog; path = "Preview Assets.xcassets"; sourceTree = "<group>"; };
		BD5CA293278CE819005E72BD /* TodoListView.swift */ = {isa = PBXFileReference; lastKnownFileType = sourcecode.swift; path = TodoListView.swift; sourceTree = "<group>"; };
		BD5CA295278CE899005E72BD /* Todo.swift */ = {isa = PBXFileReference; lastKnownFileType = sourcecode.swift; path = Todo.swift; sourceTree = "<group>"; };
		BD5CA297278CF47E005E72BD /* TodoDetailView.swift */ = {isa = PBXFileReference; lastKnownFileType = sourcecode.swift; path = TodoDetailView.swift; sourceTree = "<group>"; };
		BD6335EA278DECE60053C763 /* TodoList.swift */ = {isa = PBXFileReference; lastKnownFileType = sourcecode.swift; path = TodoList.swift; sourceTree = "<group>"; };
/* End PBXFileReference section */

/* Begin PBXFrameworksBuildPhase section */
		BD5CA27F278CE7FA005E72BD /* Frameworks */ = {
			isa = PBXFrameworksBuildPhase;
			buildActionMask = 2147483647;
			files = (
			);
			runOnlyForDeploymentPostprocessing = 0;
		};
/* End PBXFrameworksBuildPhase section */

/* Begin PBXGroup section */
		BD5CA279278CE7FA005E72BD = {
			isa = PBXGroup;
			children = (
				BD5CA284278CE7FA005E72BD /* ex00-todo */,
				BD5CA283278CE7FA005E72BD /* Products */,
			);
			sourceTree = "<group>";
		};
		BD5CA283278CE7FA005E72BD /* Products */ = {
			isa = PBXGroup;
			children = (
				BD5CA282278CE7FA005E72BD /* ex00-todo.app */,
			);
			name = Products;
			sourceTree = "<group>";
		};
		BD5CA284278CE7FA005E72BD /* ex00-todo */ = {
			isa = PBXGroup;
			children = (
				BD5CA285278CE7FA005E72BD /* p00_todoApp.swift */,
				BD5CA287278CE7FA005E72BD /* ContentView.swift */,
				BD5CA293278CE819005E72BD /* TodoListView.swift */,
				BD5CA297278CF47E005E72BD /* TodoDetailView.swift */,
				BD6335EA278DECE60053C763 /* TodoList.swift */,
				BD5CA295278CE899005E72BD /* Todo.swift */,
				BD5CA289278CE7FB005E72BD /* Assets.xcassets */,
				BD5CA28B278CE7FB005E72BD /* Preview Content */,
			);
			path = "ex00-todo";
			sourceTree = "<group>";
		};
		BD5CA28B278CE7FB005E72BD /* Preview Content */ = {
			isa = PBXGroup;
			children = (
				BD5CA28C278CE7FB005E72BD /* Preview Assets.xcassets */,
			);
			path = "Preview Content";
			sourceTree = "<group>";
		};
/* End PBXGroup section */

/* Begin PBXNativeTarget section */
		BD5CA281278CE7FA005E72BD /* ex00-todo */ = {
			isa = PBXNativeTarget;
			buildConfigurationList = BD5CA290278CE7FB005E72BD /* Build configuration list for PBXNativeTarget "ex00-todo" */;
			buildPhases = (
				BD5CA27E278CE7FA005E72BD /* Sources */,
				BD5CA27F278CE7FA005E72BD /* Frameworks */,
				BD5CA280278CE7FA005E72BD /* Resources */,
			);
			buildRules = (
			);
			dependencies = (
			);
			name = "ex00-todo";
			productName = "p00-todo";
			productReference = BD5CA282278CE7FA005E72BD /* ex00-todo.app */;
			productType = "com.apple.product-type.application";
		};
/* End PBXNativeTarget section */

/* Begin PBXProject section */
		BD5CA27A278CE7FA005E72BD /* Project object */ = {
			isa = PBXProject;
			attributes = {
				BuildIndependentTargetsInParallel = 1;
				LastSwiftUpdateCheck = 1320;
				LastUpgradeCheck = 1320;
				TargetAttributes = {
					BD5CA281278CE7FA005E72BD = {
						CreatedOnToolsVersion = 13.2;
					};
				};
			};
			buildConfigurationList = BD5CA27D278CE7FA005E72BD /* Build configuration list for PBXProject "ex00-todo" */;
			compatibilityVersion = "Xcode 13.0";
			developmentRegion = en;
			hasScannedForEncodings = 0;
			knownRegions = (
				en,
				Base,
			);
			mainGroup = BD5CA279278CE7FA005E72BD;
			productRefGroup = BD5CA283278CE7FA005E72BD /* Products */;
			projectDirPath = "";
			projectRoot = "";
			targets = (
				BD5CA281278CE7FA005E72BD /* ex00-todo */,
			);
		};
/* End PBXProject section */

/* Begin PBXResourcesBuildPhase section */
		BD5CA280278CE7FA005E72BD /* Resources */ = {
			isa = PBXResourcesBuildPhase;
			buildActionMask = 2147483647;
			files = (
				BD5CA28D278CE7FB005E72BD /* Preview Assets.xcassets in Resources */,
				BD5CA28A278CE7FB005E72BD /* Assets.xcassets in Resources */,
			);
			runOnlyForDeploymentPostprocessing = 0;
		};
/* End PBXResourcesBuildPhase section */

/* Begin PBXSourcesBuildPhase section */
		BD5CA27E278CE7FA005E72BD /* Sources */ = {
			isa = PBXSourcesBuildPhase;
			buildActionMask = 2147483647;
			files = (
				BD5CA298278CF47E005E72BD /* TodoDetailView.swift in Sources */,
				BD5CA294278CE819005E72BD /* TodoListView.swift in Sources */,
				BD5CA288278CE7FA005E72BD /* ContentView.swift in Sources */,
				BD6335EB278DECE60053C763 /* TodoList.swift in Sources */,
				BD5CA286278CE7FA005E72BD /* p00_todoApp.swift in Sources */,
				BD5CA296278CE899005E72BD /* Todo.swift in Sources */,
			);
			runOnlyForDeploymentPostprocessing = 0;
		};
/* End PBXSourcesBuildPhase section */

/* Begin XCBuildConfiguration section */
		BD5CA28E278CE7FB005E72BD /* Debug */ = {
			isa = XCBuildConfiguration;
			buildSettings = {
				ALWAYS_SEARCH_USER_PATHS = NO;
				CLANG_ANALYZER_NONNULL = YES;
				CLANG_ANALYZER_NUMBER_OBJECT_CONVERSION = YES_AGGRESSIVE;
				CLANG_CXX_LANGUAGE_STANDARD = "gnu++17";
				CLANG_CXX_LIBRARY = "libc++";
				CLANG_ENABLE_MODULES = YES;
				CLANG_ENABLE_OBJC_ARC = YES;
				CLANG_ENABLE_OBJC_WEAK = YES;
				CLANG_WARN_BLOCK_CAPTURE_AUTORELEASING = YES;
				CLANG_WARN_BOOL_CONVERSION = YES;
				CLANG_WARN_COMMA = YES;
				CLANG_WARN_CONSTANT_CONVERSION = YES;
				CLANG_WARN_DEPRECATED_OBJC_IMPLEMENTATIONS = YES;
				CLANG_WARN_DIRECT_OBJC_ISA_USAGE = YES_ERROR;
				CLANG_WARN_DOCUMENTATION_COMMENTS = YES;
				CLANG_WARN_EMPTY_BODY = YES;
				CLANG_WARN_ENUM_CONVERSION = YES;
				CLANG_WARN_INFINITE_RECURSION = YES;
				CLANG_WARN_INT_CONVERSION = YES;
				CLANG_WARN_NON_LITERAL_NULL_CONVERSION = YES;
				CLANG_WARN_OBJC_IMPLICIT_RETAIN_SELF = YES;
				CLANG_WARN_OBJC_LITERAL_CONVERSION = YES;
				CLANG_WARN_OBJC_ROOT_CLASS = YES_ERROR;
				CLANG_WARN_QUOTED_INCLUDE_IN_FRAMEWORK_HEADER = YES;
				CLANG_WARN_RANGE_LOOP_ANALYSIS = YES;
				CLANG_WARN_STRICT_PROTOTYPES = YES;
				CLANG_WARN_SUSPICIOUS_MOVE = YES;
				CLANG_WARN_UNGUARDED_AVAILABILITY = YES_AGGRESSIVE;
				CLANG_WARN_UNREACHABLE_CODE = YES;
				CLANG_WARN__DUPLICATE_METHOD_MATCH = YES;
				COPY_PHASE_STRIP = NO;
				DEBUG_INFORMATION_FORMAT = dwarf;
				ENABLE_STRICT_OBJC_MSGSEND = YES;
				ENABLE_TESTABILITY = YES;
				GCC_C_LANGUAGE_STANDARD = gnu11;
				GCC_DYNAMIC_NO_PIC = NO;
				GCC_NO_COMMON_BLOCKS = YES;
				GCC_OPTIMIZATION_LEVEL = 0;
				GCC_PREPROCESSOR_DEFINITIONS = (
					"DEBUG=1",
					"$(inherited)",
				);
				GCC_WARN_64_TO_32_BIT_CONVERSION = YES;
				GCC_WARN_ABOUT_RETURN_TYPE = YES_ERROR;
				GCC_WARN_UNDECLARED_SELECTOR = YES;
				GCC_WARN_UNINITIALIZED_AUTOS = YES_AGGRESSIVE;
				GCC_WARN_UNUSED_FUNCTION = YES;
				GCC_WARN_UNUSED_VARIABLE = YES;
				IPHONEOS_DEPLOYMENT_TARGET = 15.2;
				MTL_ENABLE_DEBUG_INFO = INCLUDE_SOURCE;
				MTL_FAST_MATH = YES;
				ONLY_ACTIVE_ARCH = YES;
				SDKROOT = iphoneos;
				SWIFT_ACTIVE_COMPILATION_CONDITIONS = DEBUG;
				SWIFT_OPTIMIZATION_LEVEL = "-Onone";
			};
			name = Debug;
		};
		BD5CA28F278CE7FB005E72BD /* Release */ = {
			isa = XCBuildConfiguration;
			buildSettings = {
				ALWAYS_SEARCH_USER_PATHS = NO;
				CLANG_ANALYZER_NONNULL = YES;
				CLANG_ANALYZER_NUMBER_OBJECT_CONVERSION = YES_AGGRESSIVE;
				CLANG_CXX_LANGUAGE_STANDARD = "gnu++17";
				CLANG_CXX_LIBRARY = "libc++";
				CLANG_ENABLE_MODULES = YES;
				CLANG_ENABLE_OBJC_ARC = YES;
				CLANG_ENABLE_OBJC_WEAK = YES;
				CLANG_WARN_BLOCK_CAPTURE_AUTORELEASING = YES;
				CLANG_WARN_BOOL_CONVERSION = YES;
				CLANG_WARN_COMMA = YES;
				CLANG_WARN_CONSTANT_CONVERSION = YES;
				CLANG_WARN_DEPRECATED_OBJC_IMPLEMENTATIONS = YES;
				CLANG_WARN_DIRECT_OBJC_ISA_USAGE = YES_ERROR;
				CLANG_WARN_DOCUMENTATION_COMMENTS = YES;
				CLANG_WARN_EMPTY_BODY = YES;
				CLANG_WARN_ENUM_CONVERSION = YES;
				CLANG_WARN_INFINITE_RECURSION = YES;
				CLANG_WARN_INT_CONVERSION = YES;
				CLANG_WARN_NON_LITERAL_NULL_CONVERSION = YES;
				CLANG_WARN_OBJC_IMPLICIT_RETAIN_SELF = YES;
				CLANG_WARN_OBJC_LITERAL_CONVERSION = YES;
				CLANG_WARN_OBJC_ROOT_CLASS = YES_ERROR;
				CLANG_WARN_QUOTED_INCLUDE_IN_FRAMEWORK_HEADER = YES;
				CLANG_WARN_RANGE_LOOP_ANALYSIS = YES;
				CLANG_WARN_STRICT_PROTOTYPES = YES;
				CLANG_WARN_SUSPICIOUS_MOVE = YES;
				CLANG_WARN_UNGUARDED_AVAILABILITY = YES_AGGRESSIVE;
				CLANG_WARN_UNREACHABLE_CODE = YES;
				CLANG_WARN__DUPLICATE_METHOD_MATCH = YES;
				COPY_PHASE_STRIP = NO;
				DEBUG_INFORMATION_FORMAT = "dwarf-with-dsym";
				ENABLE_NS_ASSERTIONS = NO;
				ENABLE_STRICT_OBJC_MSGSEND = YES;
				GCC_C_LANGUAGE_STANDARD = gnu11;
				GCC_NO_COMMON_BLOCKS = YES;
				GCC_WARN_64_TO_32_BIT_CONVERSION = YES;
				GCC_WARN_ABOUT_RETURN_TYPE = YES_ERROR;
				GCC_WARN_UNDECLARED_SELECTOR = YES;
				GCC_WARN_UNINITIALIZED_AUTOS = YES_AGGRESSIVE;
				GCC_WARN_UNUSED_FUNCTION = YES;
				GCC_WARN_UNUSED_VARIABLE = YES;
				IPHONEOS_DEPLOYMENT_TARGET = 15.2;
				MTL_ENABLE_DEBUG_INFO = NO;
				MTL_FAST_MATH = YES;
				SDKROOT = iphoneos;
				SWIFT_COMPILATION_MODE = wholemodule;
				SWIFT_OPTIMIZATION_LEVEL = "-O";
				VALIDATE_PRODUCT = YES;
			};
			name = Release;
		};
		BD5CA291278CE7FB005E72BD /* Debug */ = {
			isa = XCBuildConfiguration;
			buildSettings = {
				ASSETCATALOG_COMPILER_APPICON_NAME = AppIcon;
				ASSETCATALOG_COMPILER_GLOBAL_ACCENT_COLOR_NAME = AccentColor;
				CODE_SIGN_STYLE = Automatic;
				CURRENT_PROJECT_VERSION = 1;
				DEVELOPMENT_ASSET_PATHS = "\"ex00-todo/Preview Content\"";
				DEVELOPMENT_TEAM = Q9PPH2T3L2;
				ENABLE_PREVIEWS = YES;
				GENERATE_INFOPLIST_FILE = YES;
				INFOPLIST_KEY_UIApplicationSceneManifest_Generation = YES;
				INFOPLIST_KEY_UIApplicationSupportsIndirectInputEvents = YES;
				INFOPLIST_KEY_UILaunchScreen_Generation = YES;
				INFOPLIST_KEY_UISupportedInterfaceOrientations_iPad = "UIInterfaceOrientationPortrait UIInterfaceOrientationPortraitUpsideDown UIInterfaceOrientationLandscapeLeft UIInterfaceOrientationLandscapeRight";
				INFOPLIST_KEY_UISupportedInterfaceOrientations_iPhone = "UIInterfaceOrientationPortrait UIInterfaceOrientationLandscapeLeft UIInterfaceOrientationLandscapeRight";
				LD_RUNPATH_SEARCH_PATHS = (
					"$(inherited)",
					"@executable_path/Frameworks",
				);
				MARKETING_VERSION = 1.0;
				PRODUCT_BUNDLE_IDENTIFIER = "com.samuelshi.p00-todo";
				PRODUCT_NAME = "$(TARGET_NAME)";
				SWIFT_EMIT_LOC_STRINGS = YES;
				SWIFT_VERSION = 5.0;
				TARGETED_DEVICE_FAMILY = "1,2";
			};
			name = Debug;
		};
		BD5CA292278CE7FB005E72BD /* Release */ = {
			isa = XCBuildConfiguration;
			buildSettings = {
				ASSETCATALOG_COMPILER_APPICON_NAME = AppIcon;
				ASSETCATALOG_COMPILER_GLOBAL_ACCENT_COLOR_NAME = AccentColor;
				CODE_SIGN_STYLE = Automatic;
				CURRENT_PROJECT_VERSION = 1;
				DEVELOPMENT_ASSET_PATHS = "\"ex00-todo/Preview Content\"";
				DEVELOPMENT_TEAM = Q9PPH2T3L2;
				ENABLE_PREVIEWS = YES;
				GENERATE_INFOPLIST_FILE = YES;
				INFOPLIST_KEY_UIApplicationSceneManifest_Generation = YES;
				INFOPLIST_KEY_UIApplicationSupportsIndirectInputEvents = YES;
				INFOPLIST_KEY_UILaunchScreen_Generation = YES;
				INFOPLIST_KEY_UISupportedInterfaceOrientations_iPad = "UIInterfaceOrientationPortrait UIInterfaceOrientationPortraitUpsideDown UIInterfaceOrientationLandscapeLeft UIInterfaceOrientationLandscapeRight";
				INFOPLIST_KEY_UISupportedInterfaceOrientations_iPhone = "UIInterfaceOrientationPortrait UIInterfaceOrientationLandscapeLeft UIInterfaceOrientationLandscapeRight";
				LD_RUNPATH_SEARCH_PATHS = (
					"$(inherited)",
					"@executable_path/Frameworks",
				);
				MARKETING_VERSION = 1.0;
				PRODUCT_BUNDLE_IDENTIFIER = "com.samuelshi.p00-todo";
				PRODUCT_NAME = "$(TARGET_NAME)";
				SWIFT_EMIT_LOC_STRINGS = YES;
				SWIFT_VERSION = 5.0;
				TARGETED_DEVICE_FAMILY = "1,2";
			};
			name = Release;
		};
/* End XCBuildConfiguration section */

/* Begin XCConfigurationList section */
		BD5CA27D278CE7FA005E72BD /* Build configuration list for PBXProject "ex00-todo" */ = {
			isa = XCConfigurationList;
			buildConfigurations = (
				BD5CA28E278CE7FB005E72BD /* Debug */,
				BD5CA28F278CE7FB005E72BD /* Release */,
			);
			defaultConfigurationIsVisible = 0;
			defaultConfigurationName = Release;
		};
		BD5CA290278CE7FB005E72BD /* Build configuration list for PBXNativeTarget "ex00-todo" */ = {
			isa = XCConfigurationList;
			buildConfigurations = (
				BD5CA291278CE7FB005E72BD /* Debug */,
				BD5CA292278CE7FB005E72BD /* Release */,
			);
			defaultConfigurationIsVisible = 0;
			defaultConfigurationName = Release;
		};
/* End XCConfigurationList section */
	};
	rootObject = BD5CA27A278CE7FA005E72BD /* Project object */;
}
