// !$*UTF8*$!
{
	archiveVersion = 1;
	classes = {
	};
	objectVersion = 55;
	objects = {

/* Begin PBXBuildFile section */
		872818FE27B17EFC00E98610 /* HomeFeedViewModel.swift in Sources */ = {isa = PBXBuildFile; fileRef = 872818FD27B17EFC00E98610 /* HomeFeedViewModel.swift */; };
		8728190127B17F2600E98610 /* PostsService.swift in Sources */ = {isa = PBXBuildFile; fileRef = 8728190027B17F2600E98610 /* PostsService.swift */; };
		87BC521C27BF47FB00A8A26C /* NewPostViewModel.swift in Sources */ = {isa = PBXBuildFile; fileRef = 87BC521B27BF47FB00A8A26C /* NewPostViewModel.swift */; };
		87BC522027BF480D00A8A26C /* NewPostView.swift in Sources */ = {isa = PBXBuildFile; fileRef = 87BC521F27BF480D00A8A26C /* NewPostView.swift */; };
		BD7155A027A8C81800B51278 /* p05_socialmediaApp.swift in Sources */ = {isa = PBXBuildFile; fileRef = BD71559F27A8C81800B51278 /* p05_socialmediaApp.swift */; };
		BD7155A227A8C81800B51278 /* ContentView.swift in Sources */ = {isa = PBXBuildFile; fileRef = BD7155A127A8C81800B51278 /* ContentView.swift */; };
		BD7155A427A8C81D00B51278 /* Assets.xcassets in Resources */ = {isa = PBXBuildFile; fileRef = BD7155A327A8C81D00B51278 /* Assets.xcassets */; };
		BD7155A727A8C81D00B51278 /* Preview Assets.xcassets in Resources */ = {isa = PBXBuildFile; fileRef = BD7155A627A8C81D00B51278 /* Preview Assets.xcassets */; };
		BD7155AE27A8C8A300B51278 /* PostView.swift in Sources */ = {isa = PBXBuildFile; fileRef = BD7155AD27A8C8A300B51278 /* PostView.swift */; };
		BD7155B127A8C90600B51278 /* View+bothColorSchemes.swift in Sources */ = {isa = PBXBuildFile; fileRef = BD7155B027A8C90600B51278 /* View+bothColorSchemes.swift */; };
		BDB54AB027AB469F00575FAB /* ProfileView.swift in Sources */ = {isa = PBXBuildFile; fileRef = BDB54AAF27AB469F00575FAB /* ProfileView.swift */; };
		BDB54AB227AB47B900575FAB /* ProfileSettings.swift in Sources */ = {isa = PBXBuildFile; fileRef = BDB54AB127AB47B900575FAB /* ProfileSettings.swift */; };
		BDEC6A5027AA43C900455104 /* Post.swift in Sources */ = {isa = PBXBuildFile; fileRef = BDEC6A4F27AA43C900455104 /* Post.swift */; };
		BDEC6A5527AA44F100455104 /* DefaultPosts.swift in Sources */ = {isa = PBXBuildFile; fileRef = BDEC6A5427AA44F100455104 /* DefaultPosts.swift */; };
		BDEC6A5727AA46D300455104 /* HomeFeedView.swift in Sources */ = {isa = PBXBuildFile; fileRef = BDEC6A5627AA46D300455104 /* HomeFeedView.swift */; };
/* End PBXBuildFile section */

/* Begin PBXFileReference section */
		872818FD27B17EFC00E98610 /* HomeFeedViewModel.swift */ = {isa = PBXFileReference; lastKnownFileType = sourcecode.swift; path = HomeFeedViewModel.swift; sourceTree = "<group>"; };
		8728190027B17F2600E98610 /* PostsService.swift */ = {isa = PBXFileReference; lastKnownFileType = sourcecode.swift; path = PostsService.swift; sourceTree = "<group>"; };
		87BC521B27BF47FB00A8A26C /* NewPostViewModel.swift */ = {isa = PBXFileReference; lastKnownFileType = sourcecode.swift; path = NewPostViewModel.swift; sourceTree = "<group>"; };
		87BC521F27BF480D00A8A26C /* NewPostView.swift */ = {isa = PBXFileReference; lastKnownFileType = sourcecode.swift; path = NewPostView.swift; sourceTree = "<group>"; };
		BD71559C27A8C81800B51278 /* p05-socialmedia.app */ = {isa = PBXFileReference; explicitFileType = wrapper.application; includeInIndex = 0; path = "p05-socialmedia.app"; sourceTree = BUILT_PRODUCTS_DIR; };
		BD71559F27A8C81800B51278 /* p05_socialmediaApp.swift */ = {isa = PBXFileReference; lastKnownFileType = sourcecode.swift; path = p05_socialmediaApp.swift; sourceTree = "<group>"; };
		BD7155A127A8C81800B51278 /* ContentView.swift */ = {isa = PBXFileReference; lastKnownFileType = sourcecode.swift; path = ContentView.swift; sourceTree = "<group>"; };
		BD7155A327A8C81D00B51278 /* Assets.xcassets */ = {isa = PBXFileReference; lastKnownFileType = folder.assetcatalog; path = Assets.xcassets; sourceTree = "<group>"; };
		BD7155A627A8C81D00B51278 /* Preview Assets.xcassets */ = {isa = PBXFileReference; lastKnownFileType = folder.assetcatalog; path = "Preview Assets.xcassets"; sourceTree = "<group>"; };
		BD7155AD27A8C8A300B51278 /* PostView.swift */ = {isa = PBXFileReference; lastKnownFileType = sourcecode.swift; path = PostView.swift; sourceTree = "<group>"; };
		BD7155B027A8C90600B51278 /* View+bothColorSchemes.swift */ = {isa = PBXFileReference; lastKnownFileType = sourcecode.swift; path = "View+bothColorSchemes.swift"; sourceTree = "<group>"; };
		BDB54AAF27AB469F00575FAB /* ProfileView.swift */ = {isa = PBXFileReference; lastKnownFileType = sourcecode.swift; path = ProfileView.swift; sourceTree = "<group>"; };
		BDB54AB127AB47B900575FAB /* ProfileSettings.swift */ = {isa = PBXFileReference; lastKnownFileType = sourcecode.swift; path = ProfileSettings.swift; sourceTree = "<group>"; };
		BDEC6A4F27AA43C900455104 /* Post.swift */ = {isa = PBXFileReference; lastKnownFileType = sourcecode.swift; path = Post.swift; sourceTree = "<group>"; };
		BDEC6A5427AA44F100455104 /* DefaultPosts.swift */ = {isa = PBXFileReference; lastKnownFileType = sourcecode.swift; path = DefaultPosts.swift; sourceTree = "<group>"; };
		BDEC6A5627AA46D300455104 /* HomeFeedView.swift */ = {isa = PBXFileReference; lastKnownFileType = sourcecode.swift; path = HomeFeedView.swift; sourceTree = "<group>"; };
/* End PBXFileReference section */

/* Begin PBXFrameworksBuildPhase section */
		BD71559927A8C81800B51278 /* Frameworks */ = {
			isa = PBXFrameworksBuildPhase;
			buildActionMask = 2147483647;
			files = (
			);
			runOnlyForDeploymentPostprocessing = 0;
		};
/* End PBXFrameworksBuildPhase section */

/* Begin PBXGroup section */
		872818FF27B17F1300E98610 /* Services */ = {
			isa = PBXGroup;
			children = (
				8728190027B17F2600E98610 /* PostsService.swift */,
			);
			path = Services;
			sourceTree = "<group>";
		};
		87BC521827BF47E900A8A26C /* New Post */ = {
			isa = PBXGroup;
			children = (
				87BC521F27BF480D00A8A26C /* NewPostView.swift */,
				87BC521B27BF47FB00A8A26C /* NewPostViewModel.swift */,
			);
			path = "New Post";
			sourceTree = "<group>";
		};
		BD71559327A8C81800B51278 = {
			isa = PBXGroup;
			children = (
				BD71559E27A8C81800B51278 /* p05-socialmedia */,
				BD71559D27A8C81800B51278 /* Products */,
			);
			sourceTree = "<group>";
		};
		BD71559D27A8C81800B51278 /* Products */ = {
			isa = PBXGroup;
			children = (
				BD71559C27A8C81800B51278 /* p05-socialmedia.app */,
			);
			name = Products;
			sourceTree = "<group>";
		};
		BD71559E27A8C81800B51278 /* p05-socialmedia */ = {
			isa = PBXGroup;
			children = (
				BD71559F27A8C81800B51278 /* p05_socialmediaApp.swift */,
				BD7155A127A8C81800B51278 /* ContentView.swift */,
				872818FF27B17F1300E98610 /* Services */,
				BDEC6A5927AA46DD00455104 /* Models */,
				87BC521827BF47E900A8A26C /* New Post */,
				BDEC6A5827AA46D600455104 /* Home Feed */,
				BDEC6A5A27AA46EF00455104 /* Post */,
				BDB54AAE27AB468D00575FAB /* User Profile */,
				BDEC6A5327AA44E400455104 /* Default Content */,
				BD7155AF27A8C8F800B51278 /* Extensions */,
				BD7155A327A8C81D00B51278 /* Assets.xcassets */,
				BD7155A527A8C81D00B51278 /* Preview Content */,
			);
			path = "p05-socialmedia";
			sourceTree = "<group>";
		};
		BD7155A527A8C81D00B51278 /* Preview Content */ = {
			isa = PBXGroup;
			children = (
				BD7155A627A8C81D00B51278 /* Preview Assets.xcassets */,
			);
			path = "Preview Content";
			sourceTree = "<group>";
		};
		BD7155AF27A8C8F800B51278 /* Extensions */ = {
			isa = PBXGroup;
			children = (
				BD7155B027A8C90600B51278 /* View+bothColorSchemes.swift */,
			);
			path = Extensions;
			sourceTree = "<group>";
		};
		BDB54AAE27AB468D00575FAB /* User Profile */ = {
			isa = PBXGroup;
			children = (
				BDB54AAF27AB469F00575FAB /* ProfileView.swift */,
				BDB54AB127AB47B900575FAB /* ProfileSettings.swift */,
			);
			path = "User Profile";
			sourceTree = "<group>";
		};
		BDEC6A5327AA44E400455104 /* Default Content */ = {
			isa = PBXGroup;
			children = (
				BDEC6A5427AA44F100455104 /* DefaultPosts.swift */,
			);
			path = "Default Content";
			sourceTree = "<group>";
		};
		BDEC6A5827AA46D600455104 /* Home Feed */ = {
			isa = PBXGroup;
			children = (
				BDEC6A5627AA46D300455104 /* HomeFeedView.swift */,
				872818FD27B17EFC00E98610 /* HomeFeedViewModel.swift */,
			);
			path = "Home Feed";
			sourceTree = "<group>";
		};
		BDEC6A5927AA46DD00455104 /* Models */ = {
			isa = PBXGroup;
			children = (
				BDEC6A4F27AA43C900455104 /* Post.swift */,
			);
			path = Models;
			sourceTree = "<group>";
		};
		BDEC6A5A27AA46EF00455104 /* Post */ = {
			isa = PBXGroup;
			children = (
				BD7155AD27A8C8A300B51278 /* PostView.swift */,
			);
			path = Post;
			sourceTree = "<group>";
		};
/* End PBXGroup section */

/* Begin PBXNativeTarget section */
		BD71559B27A8C81800B51278 /* p05-socialmedia */ = {
			isa = PBXNativeTarget;
			buildConfigurationList = BD7155AA27A8C81D00B51278 /* Build configuration list for PBXNativeTarget "p05-socialmedia" */;
			buildPhases = (
				BD71559827A8C81800B51278 /* Sources */,
				BD71559927A8C81800B51278 /* Frameworks */,
				BD71559A27A8C81800B51278 /* Resources */,
			);
			buildRules = (
			);
			dependencies = (
			);
			name = "p05-socialmedia";
			productName = "p05-socialmedia";
			productReference = BD71559C27A8C81800B51278 /* p05-socialmedia.app */;
			productType = "com.apple.product-type.application";
		};
/* End PBXNativeTarget section */

/* Begin PBXProject section */
		BD71559427A8C81800B51278 /* Project object */ = {
			isa = PBXProject;
			attributes = {
				BuildIndependentTargetsInParallel = 1;
				LastSwiftUpdateCheck = 1320;
				LastUpgradeCheck = 1320;
				TargetAttributes = {
					BD71559B27A8C81800B51278 = {
						CreatedOnToolsVersion = 13.2;
					};
				};
			};
			buildConfigurationList = BD71559727A8C81800B51278 /* Build configuration list for PBXProject "p05-socialmedia" */;
			compatibilityVersion = "Xcode 13.0";
			developmentRegion = en;
			hasScannedForEncodings = 0;
			knownRegions = (
				en,
				Base,
			);
			mainGroup = BD71559327A8C81800B51278;
			productRefGroup = BD71559D27A8C81800B51278 /* Products */;
			projectDirPath = "";
			projectRoot = "";
			targets = (
				BD71559B27A8C81800B51278 /* p05-socialmedia */,
			);
		};
/* End PBXProject section */

/* Begin PBXResourcesBuildPhase section */
		BD71559A27A8C81800B51278 /* Resources */ = {
			isa = PBXResourcesBuildPhase;
			buildActionMask = 2147483647;
			files = (
				BD7155A727A8C81D00B51278 /* Preview Assets.xcassets in Resources */,
				BD7155A427A8C81D00B51278 /* Assets.xcassets in Resources */,
			);
			runOnlyForDeploymentPostprocessing = 0;
		};
/* End PBXResourcesBuildPhase section */

/* Begin PBXSourcesBuildPhase section */
		BD71559827A8C81800B51278 /* Sources */ = {
			isa = PBXSourcesBuildPhase;
			buildActionMask = 2147483647;
			files = (
				BDB54AB027AB469F00575FAB /* ProfileView.swift in Sources */,
				BD7155B127A8C90600B51278 /* View+bothColorSchemes.swift in Sources */,
				BD7155A227A8C81800B51278 /* ContentView.swift in Sources */,
				87BC521C27BF47FB00A8A26C /* NewPostViewModel.swift in Sources */,
				BD7155AE27A8C8A300B51278 /* PostView.swift in Sources */,
				8728190127B17F2600E98610 /* PostsService.swift in Sources */,
				BD7155A027A8C81800B51278 /* p05_socialmediaApp.swift in Sources */,
				BDB54AB227AB47B900575FAB /* ProfileSettings.swift in Sources */,
				BDEC6A5527AA44F100455104 /* DefaultPosts.swift in Sources */,
				872818FE27B17EFC00E98610 /* HomeFeedViewModel.swift in Sources */,
				87BC522027BF480D00A8A26C /* NewPostView.swift in Sources */,
				BDEC6A5727AA46D300455104 /* HomeFeedView.swift in Sources */,
				BDEC6A5027AA43C900455104 /* Post.swift in Sources */,
			);
			runOnlyForDeploymentPostprocessing = 0;
		};
/* End PBXSourcesBuildPhase section */

/* Begin XCBuildConfiguration section */
		BD7155A827A8C81D00B51278 /* Debug */ = {
			isa = XCBuildConfiguration;
			buildSettings = {
				ALWAYS_SEARCH_USER_PATHS = NO;
				CLANG_ANALYZER_NONNULL = YES;
				CLANG_ANALYZER_NUMBER_OBJECT_CONVERSION = YES_AGGRESSIVE;
				CLANG_CXX_LANGUAGE_STANDARD = "gnu++17";
				CLANG_CXX_LIBRARY = "libc++";
				CLANG_ENABLE_MODULES = YES;
				CLANG_ENABLE_OBJC_ARC = YES;
				CLANG_ENABLE_OBJC_WEAK = YES;
				CLANG_WARN_BLOCK_CAPTURE_AUTORELEASING = YES;
				CLANG_WARN_BOOL_CONVERSION = YES;
				CLANG_WARN_COMMA = YES;
				CLANG_WARN_CONSTANT_CONVERSION = YES;
				CLANG_WARN_DEPRECATED_OBJC_IMPLEMENTATIONS = YES;
				CLANG_WARN_DIRECT_OBJC_ISA_USAGE = YES_ERROR;
				CLANG_WARN_DOCUMENTATION_COMMENTS = YES;
				CLANG_WARN_EMPTY_BODY = YES;
				CLANG_WARN_ENUM_CONVERSION = YES;
				CLANG_WARN_INFINITE_RECURSION = YES;
				CLANG_WARN_INT_CONVERSION = YES;
				CLANG_WARN_NON_LITERAL_NULL_CONVERSION = YES;
				CLANG_WARN_OBJC_IMPLICIT_RETAIN_SELF = YES;
				CLANG_WARN_OBJC_LITERAL_CONVERSION = YES;
				CLANG_WARN_OBJC_ROOT_CLASS = YES_ERROR;
				CLANG_WARN_QUOTED_INCLUDE_IN_FRAMEWORK_HEADER = YES;
				CLANG_WARN_RANGE_LOOP_ANALYSIS = YES;
				CLANG_WARN_STRICT_PROTOTYPES = YES;
				CLANG_WARN_SUSPICIOUS_MOVE = YES;
				CLANG_WARN_UNGUARDED_AVAILABILITY = YES_AGGRESSIVE;
				CLANG_WARN_UNREACHABLE_CODE = YES;
				CLANG_WARN__DUPLICATE_METHOD_MATCH = YES;
				COPY_PHASE_STRIP = NO;
				DEBUG_INFORMATION_FORMAT = dwarf;
				ENABLE_STRICT_OBJC_MSGSEND = YES;
				ENABLE_TESTABILITY = YES;
				GCC_C_LANGUAGE_STANDARD = gnu11;
				GCC_DYNAMIC_NO_PIC = NO;
				GCC_NO_COMMON_BLOCKS = YES;
				GCC_OPTIMIZATION_LEVEL = 0;
				GCC_PREPROCESSOR_DEFINITIONS = (
					"DEBUG=1",
					"$(inherited)",
				);
				GCC_WARN_64_TO_32_BIT_CONVERSION = YES;
				GCC_WARN_ABOUT_RETURN_TYPE = YES_ERROR;
				GCC_WARN_UNDECLARED_SELECTOR = YES;
				GCC_WARN_UNINITIALIZED_AUTOS = YES_AGGRESSIVE;
				GCC_WARN_UNUSED_FUNCTION = YES;
				GCC_WARN_UNUSED_VARIABLE = YES;
				IPHONEOS_DEPLOYMENT_TARGET = 15.2;
				MTL_ENABLE_DEBUG_INFO = INCLUDE_SOURCE;
				MTL_FAST_MATH = YES;
				ONLY_ACTIVE_ARCH = YES;
				SDKROOT = iphoneos;
				SWIFT_ACTIVE_COMPILATION_CONDITIONS = DEBUG;
				SWIFT_OPTIMIZATION_LEVEL = "-Onone";
			};
			name = Debug;
		};
		BD7155A927A8C81D00B51278 /* Release */ = {
			isa = XCBuildConfiguration;
			buildSettings = {
				ALWAYS_SEARCH_USER_PATHS = NO;
				CLANG_ANALYZER_NONNULL = YES;
				CLANG_ANALYZER_NUMBER_OBJECT_CONVERSION = YES_AGGRESSIVE;
				CLANG_CXX_LANGUAGE_STANDARD = "gnu++17";
				CLANG_CXX_LIBRARY = "libc++";
				CLANG_ENABLE_MODULES = YES;
				CLANG_ENABLE_OBJC_ARC = YES;
				CLANG_ENABLE_OBJC_WEAK = YES;
				CLANG_WARN_BLOCK_CAPTURE_AUTORELEASING = YES;
				CLANG_WARN_BOOL_CONVERSION = YES;
				CLANG_WARN_COMMA = YES;
				CLANG_WARN_CONSTANT_CONVERSION = YES;
				CLANG_WARN_DEPRECATED_OBJC_IMPLEMENTATIONS = YES;
				CLANG_WARN_DIRECT_OBJC_ISA_USAGE = YES_ERROR;
				CLANG_WARN_DOCUMENTATION_COMMENTS = YES;
				CLANG_WARN_EMPTY_BODY = YES;
				CLANG_WARN_ENUM_CONVERSION = YES;
				CLANG_WARN_INFINITE_RECURSION = YES;
				CLANG_WARN_INT_CONVERSION = YES;
				CLANG_WARN_NON_LITERAL_NULL_CONVERSION = YES;
				CLANG_WARN_OBJC_IMPLICIT_RETAIN_SELF = YES;
				CLANG_WARN_OBJC_LITERAL_CONVERSION = YES;
				CLANG_WARN_OBJC_ROOT_CLASS = YES_ERROR;
				CLANG_WARN_QUOTED_INCLUDE_IN_FRAMEWORK_HEADER = YES;
				CLANG_WARN_RANGE_LOOP_ANALYSIS = YES;
				CLANG_WARN_STRICT_PROTOTYPES = YES;
				CLANG_WARN_SUSPICIOUS_MOVE = YES;
				CLANG_WARN_UNGUARDED_AVAILABILITY = YES_AGGRESSIVE;
				CLANG_WARN_UNREACHABLE_CODE = YES;
				CLANG_WARN__DUPLICATE_METHOD_MATCH = YES;
				COPY_PHASE_STRIP = NO;
				DEBUG_INFORMATION_FORMAT = "dwarf-with-dsym";
				ENABLE_NS_ASSERTIONS = NO;
				ENABLE_STRICT_OBJC_MSGSEND = YES;
				GCC_C_LANGUAGE_STANDARD = gnu11;
				GCC_NO_COMMON_BLOCKS = YES;
				GCC_WARN_64_TO_32_BIT_CONVERSION = YES;
				GCC_WARN_ABOUT_RETURN_TYPE = YES_ERROR;
				GCC_WARN_UNDECLARED_SELECTOR = YES;
				GCC_WARN_UNINITIALIZED_AUTOS = YES_AGGRESSIVE;
				GCC_WARN_UNUSED_FUNCTION = YES;
				GCC_WARN_UNUSED_VARIABLE = YES;
				IPHONEOS_DEPLOYMENT_TARGET = 15.2;
				MTL_ENABLE_DEBUG_INFO = NO;
				MTL_FAST_MATH = YES;
				SDKROOT = iphoneos;
				SWIFT_COMPILATION_MODE = wholemodule;
				SWIFT_OPTIMIZATION_LEVEL = "-O";
				VALIDATE_PRODUCT = YES;
			};
			name = Release;
		};
		BD7155AB27A8C81D00B51278 /* Debug */ = {
			isa = XCBuildConfiguration;
			buildSettings = {
				ASSETCATALOG_COMPILER_APPICON_NAME = AppIcon;
				ASSETCATALOG_COMPILER_GLOBAL_ACCENT_COLOR_NAME = AccentColor;
				CODE_SIGN_STYLE = Automatic;
				CURRENT_PROJECT_VERSION = 1;
				DEVELOPMENT_ASSET_PATHS = "\"p05-socialmedia/Preview Content\"";
				DEVELOPMENT_TEAM = Q9PPH2T3L2;
				ENABLE_PREVIEWS = YES;
				GENERATE_INFOPLIST_FILE = YES;
				INFOPLIST_KEY_UIApplicationSceneManifest_Generation = YES;
				INFOPLIST_KEY_UIApplicationSupportsIndirectInputEvents = YES;
				INFOPLIST_KEY_UILaunchScreen_Generation = YES;
				INFOPLIST_KEY_UISupportedInterfaceOrientations_iPad = "UIInterfaceOrientationPortrait UIInterfaceOrientationPortraitUpsideDown UIInterfaceOrientationLandscapeLeft UIInterfaceOrientationLandscapeRight";
				INFOPLIST_KEY_UISupportedInterfaceOrientations_iPhone = "UIInterfaceOrientationPortrait UIInterfaceOrientationLandscapeLeft UIInterfaceOrientationLandscapeRight";
				LD_RUNPATH_SEARCH_PATHS = (
					"$(inherited)",
					"@executable_path/Frameworks",
				);
				MARKETING_VERSION = 1.0;
				PRODUCT_BUNDLE_IDENTIFIER = "com.samuelshi.p05-socialmedia";
				PRODUCT_NAME = "$(TARGET_NAME)";
				SWIFT_EMIT_LOC_STRINGS = YES;
				SWIFT_VERSION = 5.0;
				TARGETED_DEVICE_FAMILY = "1,2";
			};
			name = Debug;
		};
		BD7155AC27A8C81D00B51278 /* Release */ = {
			isa = XCBuildConfiguration;
			buildSettings = {
				ASSETCATALOG_COMPILER_APPICON_NAME = AppIcon;
				ASSETCATALOG_COMPILER_GLOBAL_ACCENT_COLOR_NAME = AccentColor;
				CODE_SIGN_STYLE = Automatic;
				CURRENT_PROJECT_VERSION = 1;
				DEVELOPMENT_ASSET_PATHS = "\"p05-socialmedia/Preview Content\"";
				DEVELOPMENT_TEAM = Q9PPH2T3L2;
				ENABLE_PREVIEWS = YES;
				GENERATE_INFOPLIST_FILE = YES;
				INFOPLIST_KEY_UIApplicationSceneManifest_Generation = YES;
				INFOPLIST_KEY_UIApplicationSupportsIndirectInputEvents = YES;
				INFOPLIST_KEY_UILaunchScreen_Generation = YES;
				INFOPLIST_KEY_UISupportedInterfaceOrientations_iPad = "UIInterfaceOrientationPortrait UIInterfaceOrientationPortraitUpsideDown UIInterfaceOrientationLandscapeLeft UIInterfaceOrientationLandscapeRight";
				INFOPLIST_KEY_UISupportedInterfaceOrientations_iPhone = "UIInterfaceOrientationPortrait UIInterfaceOrientationLandscapeLeft UIInterfaceOrientationLandscapeRight";
				LD_RUNPATH_SEARCH_PATHS = (
					"$(inherited)",
					"@executable_path/Frameworks",
				);
				MARKETING_VERSION = 1.0;
				PRODUCT_BUNDLE_IDENTIFIER = "com.samuelshi.p05-socialmedia";
				PRODUCT_NAME = "$(TARGET_NAME)";
				SWIFT_EMIT_LOC_STRINGS = YES;
				SWIFT_VERSION = 5.0;
				TARGETED_DEVICE_FAMILY = "1,2";
			};
			name = Release;
		};
/* End XCBuildConfiguration section */

/* Begin XCConfigurationList section */
		BD71559727A8C81800B51278 /* Build configuration list for PBXProject "p05-socialmedia" */ = {
			isa = XCConfigurationList;
			buildConfigurations = (
				BD7155A827A8C81D00B51278 /* Debug */,
				BD7155A927A8C81D00B51278 /* Release */,
			);
			defaultConfigurationIsVisible = 0;
			defaultConfigurationName = Release;
		};
		BD7155AA27A8C81D00B51278 /* Build configuration list for PBXNativeTarget "p05-socialmedia" */ = {
			isa = XCConfigurationList;
			buildConfigurations = (
				BD7155AB27A8C81D00B51278 /* Debug */,
				BD7155AC27A8C81D00B51278 /* Release */,
			);
			defaultConfigurationIsVisible = 0;
			defaultConfigurationName = Release;
		};
/* End XCConfigurationList section */
	};
	rootObject = BD71559427A8C81800B51278 /* Project object */;
}
