// !$*UTF8*$!
{
	archiveVersion = 1;
	classes = {
	};
	objectVersion = 55;
	objects = {

/* Begin PBXBuildFile section */
		F6A596FA27D80E66000C3D52 /* p07_runnyApp.swift in Sources */ = {isa = PBXBuildFile; fileRef = F6A596F927D80E66000C3D52 /* p07_runnyApp.swift */; };
		F6A596FC27D80E66000C3D52 /* ContentView.swift in Sources */ = {isa = PBXBuildFile; fileRef = F6A596FB27D80E66000C3D52 /* ContentView.swift */; };
		F6A596FE27D80E67000C3D52 /* Assets.xcassets in Resources */ = {isa = PBXBuildFile; fileRef = F6A596FD27D80E67000C3D52 /* Assets.xcassets */; };
		F6A5970127D80E67000C3D52 /* Preview Assets.xcassets in Resources */ = {isa = PBXBuildFile; fileRef = F6A5970027D80E67000C3D52 /* Preview Assets.xcassets */; };
		F6A5970827D80E8F000C3D52 /* MilesRanStore.swift in Sources */ = {isa = PBXBuildFile; fileRef = F6A5970727D80E8F000C3D52 /* MilesRanStore.swift */; };
		F6A5970A27D80E9D000C3D52 /* MilesRanViewModel.swift in Sources */ = {isa = PBXBuildFile; fileRef = F6A5970927D80E9D000C3D52 /* MilesRanViewModel.swift */; };
		F6A5970C27D80EC0000C3D52 /* MilesRanView.swift in Sources */ = {isa = PBXBuildFile; fileRef = F6A5970B27D80EC0000C3D52 /* MilesRanView.swift */; };
		F6A5972D27D81824000C3D52 /* WidgetKit.framework in Frameworks */ = {isa = PBXBuildFile; fileRef = F6A5971327D816F7000C3D52 /* WidgetKit.framework */; };
		F6A5972E27D81824000C3D52 /* SwiftUI.framework in Frameworks */ = {isa = PBXBuildFile; fileRef = F6A5971527D816F7000C3D52 /* SwiftUI.framework */; };
		F6A5973127D81824000C3D52 /* p07_runny_widget.swift in Sources */ = {isa = PBXBuildFile; fileRef = F6A5973027D81824000C3D52 /* p07_runny_widget.swift */; };
		F6A5973327D81825000C3D52 /* Assets.xcassets in Resources */ = {isa = PBXBuildFile; fileRef = F6A5973227D81825000C3D52 /* Assets.xcassets */; };
		F6A5973727D81825000C3D52 /* p07-runny-widgetExtension.appex in Embed App Extensions */ = {isa = PBXBuildFile; fileRef = F6A5972C27D81824000C3D52 /* p07-runny-widgetExtension.appex */; settings = {ATTRIBUTES = (RemoveHeadersOnCopy, ); }; };
/* End PBXBuildFile section */

/* Begin PBXContainerItemProxy section */
		F6A5973527D81825000C3D52 /* PBXContainerItemProxy */ = {
			isa = PBXContainerItemProxy;
			containerPortal = F6A596EE27D80E66000C3D52 /* Project object */;
			proxyType = 1;
			remoteGlobalIDString = F6A5972B27D81824000C3D52;
			remoteInfo = "p07-runny-widgetExtension";
		};
/* End PBXContainerItemProxy section */

/* Begin PBXCopyFilesBuildPhase section */
		F6A5972627D816F9000C3D52 /* Embed App Extensions */ = {
			isa = PBXCopyFilesBuildPhase;
			buildActionMask = 2147483647;
			dstPath = "";
			dstSubfolderSpec = 13;
			files = (
				F6A5973727D81825000C3D52 /* p07-runny-widgetExtension.appex in Embed App Extensions */,
			);
			name = "Embed App Extensions";
			runOnlyForDeploymentPostprocessing = 0;
		};
/* End PBXCopyFilesBuildPhase section */

/* Begin PBXFileReference section */
		F6A596F627D80E66000C3D52 /* p07-runny.app */ = {isa = PBXFileReference; explicitFileType = wrapper.application; includeInIndex = 0; path = "p07-runny.app"; sourceTree = BUILT_PRODUCTS_DIR; };
		F6A596F927D80E66000C3D52 /* p07_runnyApp.swift */ = {isa = PBXFileReference; lastKnownFileType = sourcecode.swift; path = p07_runnyApp.swift; sourceTree = "<group>"; };
		F6A596FB27D80E66000C3D52 /* ContentView.swift */ = {isa = PBXFileReference; lastKnownFileType = sourcecode.swift; path = ContentView.swift; sourceTree = "<group>"; };
		F6A596FD27D80E67000C3D52 /* Assets.xcassets */ = {isa = PBXFileReference; lastKnownFileType = folder.assetcatalog; path = Assets.xcassets; sourceTree = "<group>"; };
		F6A5970027D80E67000C3D52 /* Preview Assets.xcassets */ = {isa = PBXFileReference; lastKnownFileType = folder.assetcatalog; path = "Preview Assets.xcassets"; sourceTree = "<group>"; };
		F6A5970727D80E8F000C3D52 /* MilesRanStore.swift */ = {isa = PBXFileReference; lastKnownFileType = sourcecode.swift; path = MilesRanStore.swift; sourceTree = "<group>"; };
		F6A5970927D80E9D000C3D52 /* MilesRanViewModel.swift */ = {isa = PBXFileReference; lastKnownFileType = sourcecode.swift; path = MilesRanViewModel.swift; sourceTree = "<group>"; };
		F6A5970B27D80EC0000C3D52 /* MilesRanView.swift */ = {isa = PBXFileReference; lastKnownFileType = sourcecode.swift; path = MilesRanView.swift; sourceTree = "<group>"; };
		F6A5971327D816F7000C3D52 /* WidgetKit.framework */ = {isa = PBXFileReference; lastKnownFileType = wrapper.framework; name = WidgetKit.framework; path = System/Library/Frameworks/WidgetKit.framework; sourceTree = SDKROOT; };
		F6A5971527D816F7000C3D52 /* SwiftUI.framework */ = {isa = PBXFileReference; lastKnownFileType = wrapper.framework; name = SwiftUI.framework; path = System/Library/Frameworks/SwiftUI.framework; sourceTree = SDKROOT; };
		F6A5972C27D81824000C3D52 /* p07-runny-widgetExtension.appex */ = {isa = PBXFileReference; explicitFileType = "wrapper.app-extension"; includeInIndex = 0; path = "p07-runny-widgetExtension.appex"; sourceTree = BUILT_PRODUCTS_DIR; };
		F6A5973027D81824000C3D52 /* p07_runny_widget.swift */ = {isa = PBXFileReference; lastKnownFileType = sourcecode.swift; path = p07_runny_widget.swift; sourceTree = "<group>"; };
		F6A5973227D81825000C3D52 /* Assets.xcassets */ = {isa = PBXFileReference; lastKnownFileType = folder.assetcatalog; path = Assets.xcassets; sourceTree = "<group>"; };
		F6A5973427D81825000C3D52 /* Info.plist */ = {isa = PBXFileReference; lastKnownFileType = text.plist.xml; path = Info.plist; sourceTree = "<group>"; };
/* End PBXFileReference section */

/* Begin PBXFrameworksBuildPhase section */
		F6A596F327D80E66000C3D52 /* Frameworks */ = {
			isa = PBXFrameworksBuildPhase;
			buildActionMask = 2147483647;
			files = (
			);
			runOnlyForDeploymentPostprocessing = 0;
		};
		F6A5972927D81824000C3D52 /* Frameworks */ = {
			isa = PBXFrameworksBuildPhase;
			buildActionMask = 2147483647;
			files = (
				F6A5972E27D81824000C3D52 /* SwiftUI.framework in Frameworks */,
				F6A5972D27D81824000C3D52 /* WidgetKit.framework in Frameworks */,
			);
			runOnlyForDeploymentPostprocessing = 0;
		};
/* End PBXFrameworksBuildPhase section */

/* Begin PBXGroup section */
		F6A596ED27D80E66000C3D52 = {
			isa = PBXGroup;
			children = (
				F6A596F827D80E66000C3D52 /* p07-runny */,
				F6A5972F27D81824000C3D52 /* p07-runny-widget */,
				F6A5971227D816F7000C3D52 /* Frameworks */,
				F6A596F727D80E66000C3D52 /* Products */,
			);
			sourceTree = "<group>";
		};
		F6A596F727D80E66000C3D52 /* Products */ = {
			isa = PBXGroup;
			children = (
				F6A596F627D80E66000C3D52 /* p07-runny.app */,
				F6A5972C27D81824000C3D52 /* p07-runny-widgetExtension.appex */,
			);
			name = Products;
			sourceTree = "<group>";
		};
		F6A596F827D80E66000C3D52 /* p07-runny */ = {
			isa = PBXGroup;
			children = (
				F6A596F927D80E66000C3D52 /* p07_runnyApp.swift */,
				F6A596FB27D80E66000C3D52 /* ContentView.swift */,
				F6A5970727D80E8F000C3D52 /* MilesRanStore.swift */,
				F6A5970927D80E9D000C3D52 /* MilesRanViewModel.swift */,
				F6A5970B27D80EC0000C3D52 /* MilesRanView.swift */,
				F6A596FD27D80E67000C3D52 /* Assets.xcassets */,
				F6A596FF27D80E67000C3D52 /* Preview Content */,
			);
			path = "p07-runny";
			sourceTree = "<group>";
		};
		F6A596FF27D80E67000C3D52 /* Preview Content */ = {
			isa = PBXGroup;
			children = (
				F6A5970027D80E67000C3D52 /* Preview Assets.xcassets */,
			);
			path = "Preview Content";
			sourceTree = "<group>";
		};
		F6A5971227D816F7000C3D52 /* Frameworks */ = {
			isa = PBXGroup;
			children = (
				F6A5971327D816F7000C3D52 /* WidgetKit.framework */,
				F6A5971527D816F7000C3D52 /* SwiftUI.framework */,
			);
			name = Frameworks;
			sourceTree = "<group>";
		};
		F6A5972F27D81824000C3D52 /* p07-runny-widget */ = {
			isa = PBXGroup;
			children = (
				F6A5973027D81824000C3D52 /* p07_runny_widget.swift */,
				F6A5973227D81825000C3D52 /* Assets.xcassets */,
				F6A5973427D81825000C3D52 /* Info.plist */,
			);
			path = "p07-runny-widget";
			sourceTree = "<group>";
		};
/* End PBXGroup section */

/* Begin PBXNativeTarget section */
		F6A596F527D80E66000C3D52 /* p07-runny */ = {
			isa = PBXNativeTarget;
			buildConfigurationList = F6A5970427D80E67000C3D52 /* Build configuration list for PBXNativeTarget "p07-runny" */;
			buildPhases = (
				F6A596F227D80E66000C3D52 /* Sources */,
				F6A596F327D80E66000C3D52 /* Frameworks */,
				F6A596F427D80E66000C3D52 /* Resources */,
				F6A5972627D816F9000C3D52 /* Embed App Extensions */,
			);
			buildRules = (
			);
			dependencies = (
				F6A5973627D81825000C3D52 /* PBXTargetDependency */,
			);
			name = "p07-runny";
			productName = "p07-runny";
			productReference = F6A596F627D80E66000C3D52 /* p07-runny.app */;
			productType = "com.apple.product-type.application";
		};
		F6A5972B27D81824000C3D52 /* p07-runny-widgetExtension */ = {
			isa = PBXNativeTarget;
			buildConfigurationList = F6A5973827D81825000C3D52 /* Build configuration list for PBXNativeTarget "p07-runny-widgetExtension" */;
			buildPhases = (
				F6A5972827D81824000C3D52 /* Sources */,
				F6A5972927D81824000C3D52 /* Frameworks */,
				F6A5972A27D81824000C3D52 /* Resources */,
			);
			buildRules = (
			);
			dependencies = (
			);
			name = "p07-runny-widgetExtension";
			productName = "p07-runny-widgetExtension";
			productReference = F6A5972C27D81824000C3D52 /* p07-runny-widgetExtension.appex */;
			productType = "com.apple.product-type.app-extension";
		};
/* End PBXNativeTarget section */

/* Begin PBXProject section */
		F6A596EE27D80E66000C3D52 /* Project object */ = {
			isa = PBXProject;
			attributes = {
				BuildIndependentTargetsInParallel = 1;
				LastSwiftUpdateCheck = 1320;
				LastUpgradeCheck = 1320;
				TargetAttributes = {
					F6A596F527D80E66000C3D52 = {
						CreatedOnToolsVersion = 13.2.1;
					};
					F6A5972B27D81824000C3D52 = {
						CreatedOnToolsVersion = 13.2.1;
					};
				};
			};
			buildConfigurationList = F6A596F127D80E66000C3D52 /* Build configuration list for PBXProject "p07-runny" */;
			compatibilityVersion = "Xcode 13.0";
			developmentRegion = en;
			hasScannedForEncodings = 0;
			knownRegions = (
				en,
				Base,
			);
			mainGroup = F6A596ED27D80E66000C3D52;
			productRefGroup = F6A596F727D80E66000C3D52 /* Products */;
			projectDirPath = "";
			projectRoot = "";
			targets = (
				F6A596F527D80E66000C3D52 /* p07-runny */,
				F6A5972B27D81824000C3D52 /* p07-runny-widgetExtension */,
			);
		};
/* End PBXProject section */

/* Begin PBXResourcesBuildPhase section */
		F6A596F427D80E66000C3D52 /* Resources */ = {
			isa = PBXResourcesBuildPhase;
			buildActionMask = 2147483647;
			files = (
				F6A5970127D80E67000C3D52 /* Preview Assets.xcassets in Resources */,
				F6A596FE27D80E67000C3D52 /* Assets.xcassets in Resources */,
			);
			runOnlyForDeploymentPostprocessing = 0;
		};
		F6A5972A27D81824000C3D52 /* Resources */ = {
			isa = PBXResourcesBuildPhase;
			buildActionMask = 2147483647;
			files = (
				F6A5973327D81825000C3D52 /* Assets.xcassets in Resources */,
			);
			runOnlyForDeploymentPostprocessing = 0;
		};
/* End PBXResourcesBuildPhase section */

/* Begin PBXSourcesBuildPhase section */
		F6A596F227D80E66000C3D52 /* Sources */ = {
			isa = PBXSourcesBuildPhase;
			buildActionMask = 2147483647;
			files = (
				F6A5970827D80E8F000C3D52 /* MilesRanStore.swift in Sources */,
				F6A5970A27D80E9D000C3D52 /* MilesRanViewModel.swift in Sources */,
				F6A596FC27D80E66000C3D52 /* ContentView.swift in Sources */,
				F6A596FA27D80E66000C3D52 /* p07_runnyApp.swift in Sources */,
				F6A5970C27D80EC0000C3D52 /* MilesRanView.swift in Sources */,
			);
			runOnlyForDeploymentPostprocessing = 0;
		};
		F6A5972827D81824000C3D52 /* Sources */ = {
			isa = PBXSourcesBuildPhase;
			buildActionMask = 2147483647;
			files = (
				F6A5973127D81824000C3D52 /* p07_runny_widget.swift in Sources */,
			);
			runOnlyForDeploymentPostprocessing = 0;
		};
/* End PBXSourcesBuildPhase section */

/* Begin PBXTargetDependency section */
		F6A5973627D81825000C3D52 /* PBXTargetDependency */ = {
			isa = PBXTargetDependency;
			target = F6A5972B27D81824000C3D52 /* p07-runny-widgetExtension */;
			targetProxy = F6A5973527D81825000C3D52 /* PBXContainerItemProxy */;
		};
/* End PBXTargetDependency section */

/* Begin XCBuildConfiguration section */
		F6A5970227D80E67000C3D52 /* Debug */ = {
			isa = XCBuildConfiguration;
			buildSettings = {
				ALWAYS_SEARCH_USER_PATHS = NO;
				CLANG_ANALYZER_NONNULL = YES;
				CLANG_ANALYZER_NUMBER_OBJECT_CONVERSION = YES_AGGRESSIVE;
				CLANG_CXX_LANGUAGE_STANDARD = "gnu++17";
				CLANG_CXX_LIBRARY = "libc++";
				CLANG_ENABLE_MODULES = YES;
				CLANG_ENABLE_OBJC_ARC = YES;
				CLANG_ENABLE_OBJC_WEAK = YES;
				CLANG_WARN_BLOCK_CAPTURE_AUTORELEASING = YES;
				CLANG_WARN_BOOL_CONVERSION = YES;
				CLANG_WARN_COMMA = YES;
				CLANG_WARN_CONSTANT_CONVERSION = YES;
				CLANG_WARN_DEPRECATED_OBJC_IMPLEMENTATIONS = YES;
				CLANG_WARN_DIRECT_OBJC_ISA_USAGE = YES_ERROR;
				CLANG_WARN_DOCUMENTATION_COMMENTS = YES;
				CLANG_WARN_EMPTY_BODY = YES;
				CLANG_WARN_ENUM_CONVERSION = YES;
				CLANG_WARN_INFINITE_RECURSION = YES;
				CLANG_WARN_INT_CONVERSION = YES;
				CLANG_WARN_NON_LITERAL_NULL_CONVERSION = YES;
				CLANG_WARN_OBJC_IMPLICIT_RETAIN_SELF = YES;
				CLANG_WARN_OBJC_LITERAL_CONVERSION = YES;
				CLANG_WARN_OBJC_ROOT_CLASS = YES_ERROR;
				CLANG_WARN_QUOTED_INCLUDE_IN_FRAMEWORK_HEADER = YES;
				CLANG_WARN_RANGE_LOOP_ANALYSIS = YES;
				CLANG_WARN_STRICT_PROTOTYPES = YES;
				CLANG_WARN_SUSPICIOUS_MOVE = YES;
				CLANG_WARN_UNGUARDED_AVAILABILITY = YES_AGGRESSIVE;
				CLANG_WARN_UNREACHABLE_CODE = YES;
				CLANG_WARN__DUPLICATE_METHOD_MATCH = YES;
				COPY_PHASE_STRIP = NO;
				DEBUG_INFORMATION_FORMAT = dwarf;
				ENABLE_STRICT_OBJC_MSGSEND = YES;
				ENABLE_TESTABILITY = YES;
				GCC_C_LANGUAGE_STANDARD = gnu11;
				GCC_DYNAMIC_NO_PIC = NO;
				GCC_NO_COMMON_BLOCKS = YES;
				GCC_OPTIMIZATION_LEVEL = 0;
				GCC_PREPROCESSOR_DEFINITIONS = (
					"DEBUG=1",
					"$(inherited)",
				);
				GCC_WARN_64_TO_32_BIT_CONVERSION = YES;
				GCC_WARN_ABOUT_RETURN_TYPE = YES_ERROR;
				GCC_WARN_UNDECLARED_SELECTOR = YES;
				GCC_WARN_UNINITIALIZED_AUTOS = YES_AGGRESSIVE;
				GCC_WARN_UNUSED_FUNCTION = YES;
				GCC_WARN_UNUSED_VARIABLE = YES;
				IPHONEOS_DEPLOYMENT_TARGET = 15.2;
				MTL_ENABLE_DEBUG_INFO = INCLUDE_SOURCE;
				MTL_FAST_MATH = YES;
				ONLY_ACTIVE_ARCH = YES;
				SDKROOT = iphoneos;
				SWIFT_ACTIVE_COMPILATION_CONDITIONS = DEBUG;
				SWIFT_OPTIMIZATION_LEVEL = "-Onone";
			};
			name = Debug;
		};
		F6A5970327D80E67000C3D52 /* Release */ = {
			isa = XCBuildConfiguration;
			buildSettings = {
				ALWAYS_SEARCH_USER_PATHS = NO;
				CLANG_ANALYZER_NONNULL = YES;
				CLANG_ANALYZER_NUMBER_OBJECT_CONVERSION = YES_AGGRESSIVE;
				CLANG_CXX_LANGUAGE_STANDARD = "gnu++17";
				CLANG_CXX_LIBRARY = "libc++";
				CLANG_ENABLE_MODULES = YES;
				CLANG_ENABLE_OBJC_ARC = YES;
				CLANG_ENABLE_OBJC_WEAK = YES;
				CLANG_WARN_BLOCK_CAPTURE_AUTORELEASING = YES;
				CLANG_WARN_BOOL_CONVERSION = YES;
				CLANG_WARN_COMMA = YES;
				CLANG_WARN_CONSTANT_CONVERSION = YES;
				CLANG_WARN_DEPRECATED_OBJC_IMPLEMENTATIONS = YES;
				CLANG_WARN_DIRECT_OBJC_ISA_USAGE = YES_ERROR;
				CLANG_WARN_DOCUMENTATION_COMMENTS = YES;
				CLANG_WARN_EMPTY_BODY = YES;
				CLANG_WARN_ENUM_CONVERSION = YES;
				CLANG_WARN_INFINITE_RECURSION = YES;
				CLANG_WARN_INT_CONVERSION = YES;
				CLANG_WARN_NON_LITERAL_NULL_CONVERSION = YES;
				CLANG_WARN_OBJC_IMPLICIT_RETAIN_SELF = YES;
				CLANG_WARN_OBJC_LITERAL_CONVERSION = YES;
				CLANG_WARN_OBJC_ROOT_CLASS = YES_ERROR;
				CLANG_WARN_QUOTED_INCLUDE_IN_FRAMEWORK_HEADER = YES;
				CLANG_WARN_RANGE_LOOP_ANALYSIS = YES;
				CLANG_WARN_STRICT_PROTOTYPES = YES;
				CLANG_WARN_SUSPICIOUS_MOVE = YES;
				CLANG_WARN_UNGUARDED_AVAILABILITY = YES_AGGRESSIVE;
				CLANG_WARN_UNREACHABLE_CODE = YES;
				CLANG_WARN__DUPLICATE_METHOD_MATCH = YES;
				COPY_PHASE_STRIP = NO;
				DEBUG_INFORMATION_FORMAT = "dwarf-with-dsym";
				ENABLE_NS_ASSERTIONS = NO;
				ENABLE_STRICT_OBJC_MSGSEND = YES;
				GCC_C_LANGUAGE_STANDARD = gnu11;
				GCC_NO_COMMON_BLOCKS = YES;
				GCC_WARN_64_TO_32_BIT_CONVERSION = YES;
				GCC_WARN_ABOUT_RETURN_TYPE = YES_ERROR;
				GCC_WARN_UNDECLARED_SELECTOR = YES;
				GCC_WARN_UNINITIALIZED_AUTOS = YES_AGGRESSIVE;
				GCC_WARN_UNUSED_FUNCTION = YES;
				GCC_WARN_UNUSED_VARIABLE = YES;
				IPHONEOS_DEPLOYMENT_TARGET = 15.2;
				MTL_ENABLE_DEBUG_INFO = NO;
				MTL_FAST_MATH = YES;
				SDKROOT = iphoneos;
				SWIFT_COMPILATION_MODE = wholemodule;
				SWIFT_OPTIMIZATION_LEVEL = "-O";
				VALIDATE_PRODUCT = YES;
			};
			name = Release;
		};
		F6A5970527D80E67000C3D52 /* Debug */ = {
			isa = XCBuildConfiguration;
			buildSettings = {
				ALWAYS_EMBED_SWIFT_STANDARD_LIBRARIES = YES;
				ASSETCATALOG_COMPILER_APPICON_NAME = AppIcon;
				ASSETCATALOG_COMPILER_GLOBAL_ACCENT_COLOR_NAME = AccentColor;
				CODE_SIGN_STYLE = Automatic;
				CURRENT_PROJECT_VERSION = 1;
				DEVELOPMENT_ASSET_PATHS = "\"p07-runny/Preview Content\"";
				DEVELOPMENT_TEAM = MUU5R72BC7;
				ENABLE_PREVIEWS = YES;
				GENERATE_INFOPLIST_FILE = YES;
				INFOPLIST_KEY_UIApplicationSceneManifest_Generation = YES;
				INFOPLIST_KEY_UIApplicationSupportsIndirectInputEvents = YES;
				INFOPLIST_KEY_UILaunchScreen_Generation = YES;
				INFOPLIST_KEY_UISupportedInterfaceOrientations_iPad = "UIInterfaceOrientationPortrait UIInterfaceOrientationPortraitUpsideDown UIInterfaceOrientationLandscapeLeft UIInterfaceOrientationLandscapeRight";
				INFOPLIST_KEY_UISupportedInterfaceOrientations_iPhone = "UIInterfaceOrientationPortrait UIInterfaceOrientationLandscapeLeft UIInterfaceOrientationLandscapeRight";
				LD_RUNPATH_SEARCH_PATHS = (
					"$(inherited)",
					"@executable_path/Frameworks",
				);
				MARKETING_VERSION = 1.0;
				PRODUCT_BUNDLE_IDENTIFIER = "turner-white.p07-runny";
				PRODUCT_NAME = "$(TARGET_NAME)";
				SWIFT_EMIT_LOC_STRINGS = YES;
				SWIFT_VERSION = 5.0;
				TARGETED_DEVICE_FAMILY = "1,2";
			};
			name = Debug;
		};
		F6A5970627D80E67000C3D52 /* Release */ = {
			isa = XCBuildConfiguration;
			buildSettings = {
				ALWAYS_EMBED_SWIFT_STANDARD_LIBRARIES = YES;
				ASSETCATALOG_COMPILER_APPICON_NAME = AppIcon;
				ASSETCATALOG_COMPILER_GLOBAL_ACCENT_COLOR_NAME = AccentColor;
				CODE_SIGN_STYLE = Automatic;
				CURRENT_PROJECT_VERSION = 1;
				DEVELOPMENT_ASSET_PATHS = "\"p07-runny/Preview Content\"";
				DEVELOPMENT_TEAM = MUU5R72BC7;
				ENABLE_PREVIEWS = YES;
				GENERATE_INFOPLIST_FILE = YES;
				INFOPLIST_KEY_UIApplicationSceneManifest_Generation = YES;
				INFOPLIST_KEY_UIApplicationSupportsIndirectInputEvents = YES;
				INFOPLIST_KEY_UILaunchScreen_Generation = YES;
				INFOPLIST_KEY_UISupportedInterfaceOrientations_iPad = "UIInterfaceOrientationPortrait UIInterfaceOrientationPortraitUpsideDown UIInterfaceOrientationLandscapeLeft UIInterfaceOrientationLandscapeRight";
				INFOPLIST_KEY_UISupportedInterfaceOrientations_iPhone = "UIInterfaceOrientationPortrait UIInterfaceOrientationLandscapeLeft UIInterfaceOrientationLandscapeRight";
				LD_RUNPATH_SEARCH_PATHS = (
					"$(inherited)",
					"@executable_path/Frameworks",
				);
				MARKETING_VERSION = 1.0;
				PRODUCT_BUNDLE_IDENTIFIER = "turner-white.p07-runny";
				PRODUCT_NAME = "$(TARGET_NAME)";
				SWIFT_EMIT_LOC_STRINGS = YES;
				SWIFT_VERSION = 5.0;
				TARGETED_DEVICE_FAMILY = "1,2";
			};
			name = Release;
		};
		F6A5973927D81825000C3D52 /* Debug */ = {
			isa = XCBuildConfiguration;
			buildSettings = {
				ASSETCATALOG_COMPILER_GLOBAL_ACCENT_COLOR_NAME = AccentColor;
				ASSETCATALOG_COMPILER_WIDGET_BACKGROUND_COLOR_NAME = WidgetBackground;
				CODE_SIGN_STYLE = Automatic;
				CURRENT_PROJECT_VERSION = 1;
				DEVELOPMENT_TEAM = MUU5R72BC7;
				GENERATE_INFOPLIST_FILE = YES;
				INFOPLIST_FILE = "p07-runny-widget/Info.plist";
				INFOPLIST_KEY_CFBundleDisplayName = "p07-runny-widget";
				INFOPLIST_KEY_NSHumanReadableCopyright = "";
				LD_RUNPATH_SEARCH_PATHS = (
					"$(inherited)",
					"@executable_path/Frameworks",
					"@executable_path/../../Frameworks",
				);
				MARKETING_VERSION = 1.0;
				PRODUCT_BUNDLE_IDENTIFIER = "turner-white.p07-runny.p07-runny-widget";
				PRODUCT_NAME = "$(TARGET_NAME)";
				SKIP_INSTALL = YES;
				SWIFT_EMIT_LOC_STRINGS = YES;
				SWIFT_VERSION = 5.0;
				TARGETED_DEVICE_FAMILY = "1,2";
			};
			name = Debug;
		};
		F6A5973A27D81825000C3D52 /* Release */ = {
			isa = XCBuildConfiguration;
			buildSettings = {
				ASSETCATALOG_COMPILER_GLOBAL_ACCENT_COLOR_NAME = AccentColor;
				ASSETCATALOG_COMPILER_WIDGET_BACKGROUND_COLOR_NAME = WidgetBackground;
				CODE_SIGN_STYLE = Automatic;
				CURRENT_PROJECT_VERSION = 1;
				DEVELOPMENT_TEAM = MUU5R72BC7;
				GENERATE_INFOPLIST_FILE = YES;
				INFOPLIST_FILE = "p07-runny-widget/Info.plist";
				INFOPLIST_KEY_CFBundleDisplayName = "p07-runny-widget";
				INFOPLIST_KEY_NSHumanReadableCopyright = "";
				LD_RUNPATH_SEARCH_PATHS = (
					"$(inherited)",
					"@executable_path/Frameworks",
					"@executable_path/../../Frameworks",
				);
				MARKETING_VERSION = 1.0;
				PRODUCT_BUNDLE_IDENTIFIER = "turner-white.p07-runny.p07-runny-widget";
				PRODUCT_NAME = "$(TARGET_NAME)";
				SKIP_INSTALL = YES;
				SWIFT_EMIT_LOC_STRINGS = YES;
				SWIFT_VERSION = 5.0;
				TARGETED_DEVICE_FAMILY = "1,2";
			};
			name = Release;
		};
/* End XCBuildConfiguration section */

/* Begin XCConfigurationList section */
		F6A596F127D80E66000C3D52 /* Build configuration list for PBXProject "p07-runny" */ = {
			isa = XCConfigurationList;
			buildConfigurations = (
				F6A5970227D80E67000C3D52 /* Debug */,
				F6A5970327D80E67000C3D52 /* Release */,
			);
			defaultConfigurationIsVisible = 0;
			defaultConfigurationName = Release;
		};
		F6A5970427D80E67000C3D52 /* Build configuration list for PBXNativeTarget "p07-runny" */ = {
			isa = XCConfigurationList;
			buildConfigurations = (
				F6A5970527D80E67000C3D52 /* Debug */,
				F6A5970627D80E67000C3D52 /* Release */,
			);
			defaultConfigurationIsVisible = 0;
			defaultConfigurationName = Release;
		};
		F6A5973827D81825000C3D52 /* Build configuration list for PBXNativeTarget "p07-runny-widgetExtension" */ = {
			isa = XCConfigurationList;
			buildConfigurations = (
				F6A5973927D81825000C3D52 /* Debug */,
				F6A5973A27D81825000C3D52 /* Release */,
			);
			defaultConfigurationIsVisible = 0;
			defaultConfigurationName = Release;
		};
/* End XCConfigurationList section */
	};
	rootObject = F6A596EE27D80E66000C3D52 /* Project object */;
}
